// !$*UTF8*$!
{
	archiveVersion = 1;
	classes = {
	};
	objectVersion = 46;
	objects = {

/* Begin PBXBuildFile section */
		D3AC8B2D197EE85D001957A3 /* MBProgressHUD.m in Sources */ = {isa = PBXBuildFile; fileRef = D3AC8B2C197EE85D001957A3 /* MBProgressHUD.m */; };
		D3AC8B3619817149001957A3 /* ImageIO.framework in Frameworks */ = {isa = PBXBuildFile; fileRef = D3AC8B3519817149001957A3 /* ImageIO.framework */; };
		EC2BF8D21AADAC7700DD87DB /* womanatmirror.jpg in Resources */ = {isa = PBXBuildFile; fileRef = EC2BF8D11AADAC7700DD87DB /* womanatmirror.jpg */; };
		EC2BF8D41AADB0F200DD87DB /* carselfie1.jpg in Resources */ = {isa = PBXBuildFile; fileRef = EC2BF8D31AADB0F200DD87DB /* carselfie1.jpg */; };
		EC61F69D1AF571D6006DA8B3 /* iCarousel.m in Sources */ = {isa = PBXBuildFile; fileRef = EC61F69C1AF571D6006DA8B3 /* iCarousel.m */; };
		EC61F69F1AF57470006DA8B3 /* male-female-profile-picture-vector-abstract-32171668.jpg in Resources */ = {isa = PBXBuildFile; fileRef = EC61F69E1AF57470006DA8B3 /* male-female-profile-picture-vector-abstract-32171668.jpg */; };
		EC61F6A11AF574EE006DA8B3 /* CQ-Web-Interior-Designer-Working-Istock-Purchase.jpg in Resources */ = {isa = PBXBuildFile; fileRef = EC61F6A01AF574EE006DA8B3 /* CQ-Web-Interior-Designer-Working-Istock-Purchase.jpg */; };
		EC61F6A31AF57617006DA8B3 /* sexappeal.jpg in Resources */ = {isa = PBXBuildFile; fileRef = EC61F6A21AF57617006DA8B3 /* sexappeal.jpg */; };
		EC61F6A51AF5769D006DA8B3 /* stock-photo-young-business-man-and-woman-in-the-office-260081642.jpg in Resources */ = {isa = PBXBuildFile; fileRef = EC61F6A41AF5769D006DA8B3 /* stock-photo-young-business-man-and-woman-in-the-office-260081642.jpg */; };
		EC61F6A71AF576F3006DA8B3 /* random.jpg in Resources */ = {isa = PBXBuildFile; fileRef = EC61F6A61AF576F3006DA8B3 /* random.jpg */; };
		EC61F6AB1AF677B4006DA8B3 /* Clipart-Of-A-Young-Blond-Woman-Avatar-With-Sunglasses-Royalty-Free-Vector-Illustration-10241228123.jpg in Resources */ = {isa = PBXBuildFile; fileRef = EC61F6A81AF677B4006DA8B3 /* Clipart-Of-A-Young-Blond-Woman-Avatar-With-Sunglasses-Royalty-Free-Vector-Illustration-10241228123.jpg */; };
		EC61F6AC1AF677B4006DA8B3 /* sunglasswoman.jpg in Resources */ = {isa = PBXBuildFile; fileRef = EC61F6A91AF677B4006DA8B3 /* sunglasswoman.jpg */; };
		EC61F6AD1AF677B4006DA8B3 /* sun_glasses-512.png in Resources */ = {isa = PBXBuildFile; fileRef = EC61F6AA1AF677B4006DA8B3 /* sun_glasses-512.png */; };
		EC61F6AF1AF679DD006DA8B3 /* SponsorIcon.png in Resources */ = {isa = PBXBuildFile; fileRef = EC61F6AE1AF679DD006DA8B3 /* SponsorIcon.png */; };
		EC61F6BD1AF71E87006DA8B3 /* sharedUserDataSingleton.m in Sources */ = {isa = PBXBuildFile; fileRef = EC61F6B21AF71E86006DA8B3 /* sharedUserDataSingleton.m */; };
		EC61F6BE1AF71E87006DA8B3 /* Reachability.m in Sources */ = {isa = PBXBuildFile; fileRef = EC61F6B41AF71E86006DA8B3 /* Reachability.m */; };
		EC61F6BF1AF71E87006DA8B3 /* UIImage+Scaling.m in Sources */ = {isa = PBXBuildFile; fileRef = EC61F6B61AF71E86006DA8B3 /* UIImage+Scaling.m */; };
		EC61F6C01AF71E87006DA8B3 /* UIImageView+Scaling.m in Sources */ = {isa = PBXBuildFile; fileRef = EC61F6B81AF71E86006DA8B3 /* UIImageView+Scaling.m */; };
		EC61F6C11AF71E87006DA8B3 /* UIImageView+UIActivityIndicatorForSDWebImage.m in Sources */ = {isa = PBXBuildFile; fileRef = EC61F6BA1AF71E87006DA8B3 /* UIImageView+UIActivityIndicatorForSDWebImage.m */; };
		EC61F6C21AF71E87006DA8B3 /* UIView+Animation.m in Sources */ = {isa = PBXBuildFile; fileRef = EC61F6BC1AF71E87006DA8B3 /* UIView+Animation.m */; };
		EC61F6E71AF72158006DA8B3 /* MKAnnotationView+WebCache.m in Sources */ = {isa = PBXBuildFile; fileRef = EC61F6C71AF72157006DA8B3 /* MKAnnotationView+WebCache.m */; };
		EC61F6E81AF72158006DA8B3 /* NSData+ImageContentType.m in Sources */ = {isa = PBXBuildFile; fileRef = EC61F6C91AF72157006DA8B3 /* NSData+ImageContentType.m */; };
		EC61F6E91AF72158006DA8B3 /* SDImageCache.m in Sources */ = {isa = PBXBuildFile; fileRef = EC61F6CB1AF72157006DA8B3 /* SDImageCache.m */; };
		EC61F6EA1AF72158006DA8B3 /* SDWebImageCompat.m in Sources */ = {isa = PBXBuildFile; fileRef = EC61F6CD1AF72157006DA8B3 /* SDWebImageCompat.m */; };
		EC61F6EB1AF72158006DA8B3 /* SDWebImageDecoder.m in Sources */ = {isa = PBXBuildFile; fileRef = EC61F6CF1AF72157006DA8B3 /* SDWebImageDecoder.m */; };
		EC61F6EC1AF72158006DA8B3 /* SDWebImageDownloader.m in Sources */ = {isa = PBXBuildFile; fileRef = EC61F6D11AF72157006DA8B3 /* SDWebImageDownloader.m */; };
		EC61F6ED1AF72158006DA8B3 /* SDWebImageDownloaderOperation.m in Sources */ = {isa = PBXBuildFile; fileRef = EC61F6D31AF72157006DA8B3 /* SDWebImageDownloaderOperation.m */; };
		EC61F6EE1AF72158006DA8B3 /* SDWebImageManager.m in Sources */ = {isa = PBXBuildFile; fileRef = EC61F6D51AF72157006DA8B3 /* SDWebImageManager.m */; };
		EC61F6EF1AF72158006DA8B3 /* SDWebImagePrefetcher.m in Sources */ = {isa = PBXBuildFile; fileRef = EC61F6D81AF72157006DA8B3 /* SDWebImagePrefetcher.m */; };
		EC61F6F01AF72158006DA8B3 /* UIButton+WebCache.m in Sources */ = {isa = PBXBuildFile; fileRef = EC61F6DA1AF72157006DA8B3 /* UIButton+WebCache.m */; };
		EC61F6F11AF72158006DA8B3 /* UIImage+GIF.m in Sources */ = {isa = PBXBuildFile; fileRef = EC61F6DC1AF72158006DA8B3 /* UIImage+GIF.m */; };
		EC61F6F21AF72158006DA8B3 /* UIImage+MultiFormat.m in Sources */ = {isa = PBXBuildFile; fileRef = EC61F6DE1AF72158006DA8B3 /* UIImage+MultiFormat.m */; };
		EC61F6F31AF72158006DA8B3 /* UIImage+WebP.m in Sources */ = {isa = PBXBuildFile; fileRef = EC61F6E01AF72158006DA8B3 /* UIImage+WebP.m */; };
		EC61F6F41AF72158006DA8B3 /* UIImageView+HighlightedWebCache.m in Sources */ = {isa = PBXBuildFile; fileRef = EC61F6E21AF72158006DA8B3 /* UIImageView+HighlightedWebCache.m */; };
		EC61F6F51AF72158006DA8B3 /* UIImageView+WebCache.m in Sources */ = {isa = PBXBuildFile; fileRef = EC61F6E41AF72158006DA8B3 /* UIImageView+WebCache.m */; };
		EC61F6F61AF72158006DA8B3 /* UIView+WebCacheOperation.m in Sources */ = {isa = PBXBuildFile; fileRef = EC61F6E61AF72158006DA8B3 /* UIView+WebCacheOperation.m */; };
		ECE1A3C71A97ACF3003DAB06 /* Bolts.framework in Frameworks */ = {isa = PBXBuildFile; fileRef = ECE1A3C41A97ACF3003DAB06 /* Bolts.framework */; };
		ECE1A3C81A97ACF3003DAB06 /* Parse.framework in Frameworks */ = {isa = PBXBuildFile; fileRef = ECE1A3C51A97ACF3003DAB06 /* Parse.framework */; };
		ECE1A3FD1A97AE3B003DAB06 /* Social.framework in Frameworks */ = {isa = PBXBuildFile; fileRef = ECE1A3FC1A97AE3B003DAB06 /* Social.framework */; };
		ECE1A3FF1A97AE42003DAB06 /* Accounts.framework in Frameworks */ = {isa = PBXBuildFile; fileRef = ECE1A3FE1A97AE42003DAB06 /* Accounts.framework */; };
		ECE1A4011A97AF31003DAB06 /* libsqlite3.dylib in Frameworks */ = {isa = PBXBuildFile; fileRef = ECE1A4001A97AF31003DAB06 /* libsqlite3.dylib */; };
		FA45CB791943DA80003C15C8 /* Foundation.framework in Frameworks */ = {isa = PBXBuildFile; fileRef = FA45CB781943DA80003C15C8 /* Foundation.framework */; };
		FA45CB7B1943DA80003C15C8 /* CoreGraphics.framework in Frameworks */ = {isa = PBXBuildFile; fileRef = FA45CB7A1943DA80003C15C8 /* CoreGraphics.framework */; };
		FA45CB7D1943DA80003C15C8 /* UIKit.framework in Frameworks */ = {isa = PBXBuildFile; fileRef = FA45CB7C1943DA80003C15C8 /* UIKit.framework */; };
		FA45CB831943DA80003C15C8 /* InfoPlist.strings in Resources */ = {isa = PBXBuildFile; fileRef = FA45CB811943DA80003C15C8 /* InfoPlist.strings */; };
		FA45CB851943DA80003C15C8 /* main.m in Sources */ = {isa = PBXBuildFile; fileRef = FA45CB841943DA80003C15C8 /* main.m */; };
		FA45CB891943DA80003C15C8 /* dilemmaAppDelegate.m in Sources */ = {isa = PBXBuildFile; fileRef = FA45CB881943DA80003C15C8 /* dilemmaAppDelegate.m */; };
		FA45CB8C1943DA80003C15C8 /* Main_iPhone.storyboard in Resources */ = {isa = PBXBuildFile; fileRef = FA45CB8A1943DA80003C15C8 /* Main_iPhone.storyboard */; };
		FA45CB8F1943DA80003C15C8 /* Main_iPad.storyboard in Resources */ = {isa = PBXBuildFile; fileRef = FA45CB8D1943DA80003C15C8 /* Main_iPad.storyboard */; };
		FA45CB921943DA80003C15C8 /* dilemmaViewController.m in Sources */ = {isa = PBXBuildFile; fileRef = FA45CB911943DA80003C15C8 /* dilemmaViewController.m */; };
		FA45CB941943DA80003C15C8 /* Images.xcassets in Resources */ = {isa = PBXBuildFile; fileRef = FA45CB931943DA80003C15C8 /* Images.xcassets */; };
		FA45CBB21943DD3A003C15C8 /* VotePicturesViewController.m in Sources */ = {isa = PBXBuildFile; fileRef = FA45CBB11943DD3A003C15C8 /* VotePicturesViewController.m */; };
		FA45CBB71943E380003C15C8 /* SetPicturesViewController.m in Sources */ = {isa = PBXBuildFile; fileRef = FA45CBB61943E380003C15C8 /* SetPicturesViewController.m */; };
		FA45CBB91944C6AA003C15C8 /* SetPicsOverlay.xib in Resources */ = {isa = PBXBuildFile; fileRef = FA45CBB81944C6AA003C15C8 /* SetPicsOverlay.xib */; };
		FA45CBD21944E6F6003C15C8 /* AudioToolbox.framework in Frameworks */ = {isa = PBXBuildFile; fileRef = FA45CBD11944E6F6003C15C8 /* AudioToolbox.framework */; };
		FA45CBD41944E6FE003C15C8 /* CFNetwork.framework in Frameworks */ = {isa = PBXBuildFile; fileRef = FA45CBD31944E6FE003C15C8 /* CFNetwork.framework */; };
		FA45CBD61944E712003C15C8 /* CoreLocation.framework in Frameworks */ = {isa = PBXBuildFile; fileRef = FA45CBD51944E712003C15C8 /* CoreLocation.framework */; };
		FA45CBD81944E71C003C15C8 /* libz.dylib in Frameworks */ = {isa = PBXBuildFile; fileRef = FA45CBD71944E71C003C15C8 /* libz.dylib */; };
		FA45CBDA1944E725003C15C8 /* MobileCoreServices.framework in Frameworks */ = {isa = PBXBuildFile; fileRef = FA45CBD91944E725003C15C8 /* MobileCoreServices.framework */; };
		FA45CBDC1944E72D003C15C8 /* QuartzCore.framework in Frameworks */ = {isa = PBXBuildFile; fileRef = FA45CBDB1944E72D003C15C8 /* QuartzCore.framework */; };
		FA45CBDE1944E735003C15C8 /* Security.framework in Frameworks */ = {isa = PBXBuildFile; fileRef = FA45CBDD1944E735003C15C8 /* Security.framework */; };
		FA45CBE01944E73D003C15C8 /* StoreKit.framework in Frameworks */ = {isa = PBXBuildFile; fileRef = FA45CBDF1944E73D003C15C8 /* StoreKit.framework */; };
		FA45CBE21944E748003C15C8 /* SystemConfiguration.framework in Frameworks */ = {isa = PBXBuildFile; fileRef = FA45CBE11944E748003C15C8 /* SystemConfiguration.framework */; };
		FA7BD7AD19857558006C9A5A /* FacebookSDK.framework in Frameworks */ = {isa = PBXBuildFile; fileRef = FA7BD7AC19857558006C9A5A /* FacebookSDK.framework */; };
		FA7BD7AF198575D8006C9A5A /* smiley.jpeg in Resources */ = {isa = PBXBuildFile; fileRef = FA7BD7AE198575D8006C9A5A /* smiley.jpeg */; };
		FA7BD7B1198578C5006C9A5A /* iOS-7-Light-Blue-Gradient.png in Resources */ = {isa = PBXBuildFile; fileRef = FA7BD7B0198578C5006C9A5A /* iOS-7-Light-Blue-Gradient.png */; };
		FA7BD7B619857DB8006C9A5A /* self1.jpeg in Resources */ = {isa = PBXBuildFile; fileRef = FA7BD7B219857DB8006C9A5A /* self1.jpeg */; };
		FA7BD7B719857DB8006C9A5A /* self2.jpeg in Resources */ = {isa = PBXBuildFile; fileRef = FA7BD7B319857DB8006C9A5A /* self2.jpeg */; };
		FA7BD7B819857DB8006C9A5A /* self3.jpeg in Resources */ = {isa = PBXBuildFile; fileRef = FA7BD7B419857DB8006C9A5A /* self3.jpeg */; };
		FA7BD7B919857DB8006C9A5A /* self4.jpeg in Resources */ = {isa = PBXBuildFile; fileRef = FA7BD7B519857DB8006C9A5A /* self4.jpeg */; };
		FA7BD7BC1985A8F6006C9A5A /* dilemmaTitleScreenViewController.m in Sources */ = {isa = PBXBuildFile; fileRef = FA7BD7BB1985A8F6006C9A5A /* dilemmaTitleScreenViewController.m */; };
		FA7BD7F91985AAC6006C9A5A /* MyDilemmasViewController.m in Sources */ = {isa = PBXBuildFile; fileRef = FA7BD7F81985AAC6006C9A5A /* MyDilemmasViewController.m */; };
/* End PBXBuildFile section */

/* Begin PBXFileReference section */
		D3AC8B2B197EE85D001957A3 /* MBProgressHUD.h */ = {isa = PBXFileReference; fileEncoding = 4; lastKnownFileType = sourcecode.c.h; path = MBProgressHUD.h; sourceTree = "<group>"; };
		D3AC8B2C197EE85D001957A3 /* MBProgressHUD.m */ = {isa = PBXFileReference; fileEncoding = 4; lastKnownFileType = sourcecode.c.objc; path = MBProgressHUD.m; sourceTree = "<group>"; };
		D3AC8B3519817149001957A3 /* ImageIO.framework */ = {isa = PBXFileReference; lastKnownFileType = wrapper.framework; name = ImageIO.framework; path = System/Library/Frameworks/ImageIO.framework; sourceTree = SDKROOT; };
		EC2BF8D11AADAC7700DD87DB /* womanatmirror.jpg */ = {isa = PBXFileReference; lastKnownFileType = image.jpeg; path = womanatmirror.jpg; sourceTree = "<group>"; };
		EC2BF8D31AADB0F200DD87DB /* carselfie1.jpg */ = {isa = PBXFileReference; lastKnownFileType = image.jpeg; path = carselfie1.jpg; sourceTree = "<group>"; };
		EC61F69B1AF571D6006DA8B3 /* iCarousel.h */ = {isa = PBXFileReference; fileEncoding = 4; lastKnownFileType = sourcecode.c.h; path = iCarousel.h; sourceTree = "<group>"; };
		EC61F69C1AF571D6006DA8B3 /* iCarousel.m */ = {isa = PBXFileReference; fileEncoding = 4; lastKnownFileType = sourcecode.c.objc; path = iCarousel.m; sourceTree = "<group>"; };
		EC61F69E1AF57470006DA8B3 /* male-female-profile-picture-vector-abstract-32171668.jpg */ = {isa = PBXFileReference; lastKnownFileType = image.jpeg; path = "male-female-profile-picture-vector-abstract-32171668.jpg"; sourceTree = "<group>"; };
		EC61F6A01AF574EE006DA8B3 /* CQ-Web-Interior-Designer-Working-Istock-Purchase.jpg */ = {isa = PBXFileReference; lastKnownFileType = image.jpeg; path = "CQ-Web-Interior-Designer-Working-Istock-Purchase.jpg"; sourceTree = "<group>"; };
		EC61F6A21AF57617006DA8B3 /* sexappeal.jpg */ = {isa = PBXFileReference; lastKnownFileType = image.jpeg; path = sexappeal.jpg; sourceTree = "<group>"; };
		EC61F6A41AF5769D006DA8B3 /* stock-photo-young-business-man-and-woman-in-the-office-260081642.jpg */ = {isa = PBXFileReference; lastKnownFileType = image.jpeg; path = "stock-photo-young-business-man-and-woman-in-the-office-260081642.jpg"; sourceTree = "<group>"; };
		EC61F6A61AF576F3006DA8B3 /* random.jpg */ = {isa = PBXFileReference; lastKnownFileType = image.jpeg; path = random.jpg; sourceTree = "<group>"; };
		EC61F6A81AF677B4006DA8B3 /* Clipart-Of-A-Young-Blond-Woman-Avatar-With-Sunglasses-Royalty-Free-Vector-Illustration-10241228123.jpg */ = {isa = PBXFileReference; lastKnownFileType = image.jpeg; path = "Clipart-Of-A-Young-Blond-Woman-Avatar-With-Sunglasses-Royalty-Free-Vector-Illustration-10241228123.jpg"; sourceTree = "<group>"; };
		EC61F6A91AF677B4006DA8B3 /* sunglasswoman.jpg */ = {isa = PBXFileReference; lastKnownFileType = image.jpeg; path = sunglasswoman.jpg; sourceTree = "<group>"; };
		EC61F6AA1AF677B4006DA8B3 /* sun_glasses-512.png */ = {isa = PBXFileReference; lastKnownFileType = image.png; path = "sun_glasses-512.png"; sourceTree = "<group>"; };
		EC61F6AE1AF679DD006DA8B3 /* SponsorIcon.png */ = {isa = PBXFileReference; lastKnownFileType = image.png; path = SponsorIcon.png; sourceTree = "<group>"; };
		EC61F6B11AF71E86006DA8B3 /* sharedUserDataSingleton.h */ = {isa = PBXFileReference; fileEncoding = 4; lastKnownFileType = sourcecode.c.h; path = sharedUserDataSingleton.h; sourceTree = "<group>"; };
		EC61F6B21AF71E86006DA8B3 /* sharedUserDataSingleton.m */ = {isa = PBXFileReference; fileEncoding = 4; lastKnownFileType = sourcecode.c.objc; path = sharedUserDataSingleton.m; sourceTree = "<group>"; };
		EC61F6B31AF71E86006DA8B3 /* Reachability.h */ = {isa = PBXFileReference; fileEncoding = 4; lastKnownFileType = sourcecode.c.h; path = Reachability.h; sourceTree = "<group>"; };
		EC61F6B41AF71E86006DA8B3 /* Reachability.m */ = {isa = PBXFileReference; fileEncoding = 4; lastKnownFileType = sourcecode.c.objc; path = Reachability.m; sourceTree = "<group>"; };
		EC61F6B51AF71E86006DA8B3 /* UIImage+Scaling.h */ = {isa = PBXFileReference; fileEncoding = 4; lastKnownFileType = sourcecode.c.h; path = "UIImage+Scaling.h"; sourceTree = "<group>"; };
		EC61F6B61AF71E86006DA8B3 /* UIImage+Scaling.m */ = {isa = PBXFileReference; fileEncoding = 4; lastKnownFileType = sourcecode.c.objc; path = "UIImage+Scaling.m"; sourceTree = "<group>"; };
		EC61F6B71AF71E86006DA8B3 /* UIImageView+Scaling.h */ = {isa = PBXFileReference; fileEncoding = 4; lastKnownFileType = sourcecode.c.h; path = "UIImageView+Scaling.h"; sourceTree = "<group>"; };
		EC61F6B81AF71E86006DA8B3 /* UIImageView+Scaling.m */ = {isa = PBXFileReference; fileEncoding = 4; lastKnownFileType = sourcecode.c.objc; path = "UIImageView+Scaling.m"; sourceTree = "<group>"; };
		EC61F6B91AF71E87006DA8B3 /* UIImageView+UIActivityIndicatorForSDWebImage.h */ = {isa = PBXFileReference; fileEncoding = 4; lastKnownFileType = sourcecode.c.h; path = "UIImageView+UIActivityIndicatorForSDWebImage.h"; sourceTree = "<group>"; };
		EC61F6BA1AF71E87006DA8B3 /* UIImageView+UIActivityIndicatorForSDWebImage.m */ = {isa = PBXFileReference; fileEncoding = 4; lastKnownFileType = sourcecode.c.objc; path = "UIImageView+UIActivityIndicatorForSDWebImage.m"; sourceTree = "<group>"; };
		EC61F6BB1AF71E87006DA8B3 /* UIView+Animation.h */ = {isa = PBXFileReference; fileEncoding = 4; lastKnownFileType = sourcecode.c.h; path = "UIView+Animation.h"; sourceTree = "<group>"; };
		EC61F6BC1AF71E87006DA8B3 /* UIView+Animation.m */ = {isa = PBXFileReference; fileEncoding = 4; lastKnownFileType = sourcecode.c.objc; path = "UIView+Animation.m"; sourceTree = "<group>"; };
		EC61F6C61AF72157006DA8B3 /* MKAnnotationView+WebCache.h */ = {isa = PBXFileReference; fileEncoding = 4; lastKnownFileType = sourcecode.c.h; path = "MKAnnotationView+WebCache.h"; sourceTree = "<group>"; };
		EC61F6C71AF72157006DA8B3 /* MKAnnotationView+WebCache.m */ = {isa = PBXFileReference; fileEncoding = 4; lastKnownFileType = sourcecode.c.objc; path = "MKAnnotationView+WebCache.m"; sourceTree = "<group>"; };
		EC61F6C81AF72157006DA8B3 /* NSData+ImageContentType.h */ = {isa = PBXFileReference; fileEncoding = 4; lastKnownFileType = sourcecode.c.h; path = "NSData+ImageContentType.h"; sourceTree = "<group>"; };
		EC61F6C91AF72157006DA8B3 /* NSData+ImageContentType.m */ = {isa = PBXFileReference; fileEncoding = 4; lastKnownFileType = sourcecode.c.objc; path = "NSData+ImageContentType.m"; sourceTree = "<group>"; };
		EC61F6CA1AF72157006DA8B3 /* SDImageCache.h */ = {isa = PBXFileReference; fileEncoding = 4; lastKnownFileType = sourcecode.c.h; path = SDImageCache.h; sourceTree = "<group>"; };
		EC61F6CB1AF72157006DA8B3 /* SDImageCache.m */ = {isa = PBXFileReference; fileEncoding = 4; lastKnownFileType = sourcecode.c.objc; path = SDImageCache.m; sourceTree = "<group>"; };
		EC61F6CC1AF72157006DA8B3 /* SDWebImageCompat.h */ = {isa = PBXFileReference; fileEncoding = 4; lastKnownFileType = sourcecode.c.h; path = SDWebImageCompat.h; sourceTree = "<group>"; };
		EC61F6CD1AF72157006DA8B3 /* SDWebImageCompat.m */ = {isa = PBXFileReference; fileEncoding = 4; lastKnownFileType = sourcecode.c.objc; path = SDWebImageCompat.m; sourceTree = "<group>"; };
		EC61F6CE1AF72157006DA8B3 /* SDWebImageDecoder.h */ = {isa = PBXFileReference; fileEncoding = 4; lastKnownFileType = sourcecode.c.h; path = SDWebImageDecoder.h; sourceTree = "<group>"; };
		EC61F6CF1AF72157006DA8B3 /* SDWebImageDecoder.m */ = {isa = PBXFileReference; fileEncoding = 4; lastKnownFileType = sourcecode.c.objc; path = SDWebImageDecoder.m; sourceTree = "<group>"; };
		EC61F6D01AF72157006DA8B3 /* SDWebImageDownloader.h */ = {isa = PBXFileReference; fileEncoding = 4; lastKnownFileType = sourcecode.c.h; path = SDWebImageDownloader.h; sourceTree = "<group>"; };
		EC61F6D11AF72157006DA8B3 /* SDWebImageDownloader.m */ = {isa = PBXFileReference; fileEncoding = 4; lastKnownFileType = sourcecode.c.objc; path = SDWebImageDownloader.m; sourceTree = "<group>"; };
		EC61F6D21AF72157006DA8B3 /* SDWebImageDownloaderOperation.h */ = {isa = PBXFileReference; fileEncoding = 4; lastKnownFileType = sourcecode.c.h; path = SDWebImageDownloaderOperation.h; sourceTree = "<group>"; };
		EC61F6D31AF72157006DA8B3 /* SDWebImageDownloaderOperation.m */ = {isa = PBXFileReference; fileEncoding = 4; lastKnownFileType = sourcecode.c.objc; path = SDWebImageDownloaderOperation.m; sourceTree = "<group>"; };
		EC61F6D41AF72157006DA8B3 /* SDWebImageManager.h */ = {isa = PBXFileReference; fileEncoding = 4; lastKnownFileType = sourcecode.c.h; path = SDWebImageManager.h; sourceTree = "<group>"; };
		EC61F6D51AF72157006DA8B3 /* SDWebImageManager.m */ = {isa = PBXFileReference; fileEncoding = 4; lastKnownFileType = sourcecode.c.objc; path = SDWebImageManager.m; sourceTree = "<group>"; };
		EC61F6D61AF72157006DA8B3 /* SDWebImageOperation.h */ = {isa = PBXFileReference; fileEncoding = 4; lastKnownFileType = sourcecode.c.h; path = SDWebImageOperation.h; sourceTree = "<group>"; };
		EC61F6D71AF72157006DA8B3 /* SDWebImagePrefetcher.h */ = {isa = PBXFileReference; fileEncoding = 4; lastKnownFileType = sourcecode.c.h; path = SDWebImagePrefetcher.h; sourceTree = "<group>"; };
		EC61F6D81AF72157006DA8B3 /* SDWebImagePrefetcher.m */ = {isa = PBXFileReference; fileEncoding = 4; lastKnownFileType = sourcecode.c.objc; path = SDWebImagePrefetcher.m; sourceTree = "<group>"; };
		EC61F6D91AF72157006DA8B3 /* UIButton+WebCache.h */ = {isa = PBXFileReference; fileEncoding = 4; lastKnownFileType = sourcecode.c.h; path = "UIButton+WebCache.h"; sourceTree = "<group>"; };
		EC61F6DA1AF72157006DA8B3 /* UIButton+WebCache.m */ = {isa = PBXFileReference; fileEncoding = 4; lastKnownFileType = sourcecode.c.objc; path = "UIButton+WebCache.m"; sourceTree = "<group>"; };
		EC61F6DB1AF72157006DA8B3 /* UIImage+GIF.h */ = {isa = PBXFileReference; fileEncoding = 4; lastKnownFileType = sourcecode.c.h; path = "UIImage+GIF.h"; sourceTree = "<group>"; };
		EC61F6DC1AF72158006DA8B3 /* UIImage+GIF.m */ = {isa = PBXFileReference; fileEncoding = 4; lastKnownFileType = sourcecode.c.objc; path = "UIImage+GIF.m"; sourceTree = "<group>"; };
		EC61F6DD1AF72158006DA8B3 /* UIImage+MultiFormat.h */ = {isa = PBXFileReference; fileEncoding = 4; lastKnownFileType = sourcecode.c.h; path = "UIImage+MultiFormat.h"; sourceTree = "<group>"; };
		EC61F6DE1AF72158006DA8B3 /* UIImage+MultiFormat.m */ = {isa = PBXFileReference; fileEncoding = 4; lastKnownFileType = sourcecode.c.objc; path = "UIImage+MultiFormat.m"; sourceTree = "<group>"; };
		EC61F6DF1AF72158006DA8B3 /* UIImage+WebP.h */ = {isa = PBXFileReference; fileEncoding = 4; lastKnownFileType = sourcecode.c.h; path = "UIImage+WebP.h"; sourceTree = "<group>"; };
		EC61F6E01AF72158006DA8B3 /* UIImage+WebP.m */ = {isa = PBXFileReference; fileEncoding = 4; lastKnownFileType = sourcecode.c.objc; path = "UIImage+WebP.m"; sourceTree = "<group>"; };
		EC61F6E11AF72158006DA8B3 /* UIImageView+HighlightedWebCache.h */ = {isa = PBXFileReference; fileEncoding = 4; lastKnownFileType = sourcecode.c.h; path = "UIImageView+HighlightedWebCache.h"; sourceTree = "<group>"; };
		EC61F6E21AF72158006DA8B3 /* UIImageView+HighlightedWebCache.m */ = {isa = PBXFileReference; fileEncoding = 4; lastKnownFileType = sourcecode.c.objc; path = "UIImageView+HighlightedWebCache.m"; sourceTree = "<group>"; };
		EC61F6E31AF72158006DA8B3 /* UIImageView+WebCache.h */ = {isa = PBXFileReference; fileEncoding = 4; lastKnownFileType = sourcecode.c.h; path = "UIImageView+WebCache.h"; sourceTree = "<group>"; };
		EC61F6E41AF72158006DA8B3 /* UIImageView+WebCache.m */ = {isa = PBXFileReference; fileEncoding = 4; lastKnownFileType = sourcecode.c.objc; path = "UIImageView+WebCache.m"; sourceTree = "<group>"; };
		EC61F6E51AF72158006DA8B3 /* UIView+WebCacheOperation.h */ = {isa = PBXFileReference; fileEncoding = 4; lastKnownFileType = sourcecode.c.h; path = "UIView+WebCacheOperation.h"; sourceTree = "<group>"; };
		EC61F6E61AF72158006DA8B3 /* UIView+WebCacheOperation.m */ = {isa = PBXFileReference; fileEncoding = 4; lastKnownFileType = sourcecode.c.objc; path = "UIView+WebCacheOperation.m"; sourceTree = "<group>"; };
		ECE1A3C41A97ACF3003DAB06 /* Bolts.framework */ = {isa = PBXFileReference; lastKnownFileType = wrapper.framework; name = Bolts.framework; path = dilemma/Bolts.framework; sourceTree = "<group>"; };
		ECE1A3C51A97ACF3003DAB06 /* Parse.framework */ = {isa = PBXFileReference; lastKnownFileType = wrapper.framework; name = Parse.framework; path = dilemma/Parse.framework; sourceTree = "<group>"; };
		ECE1A3FC1A97AE3B003DAB06 /* Social.framework */ = {isa = PBXFileReference; lastKnownFileType = wrapper.framework; name = Social.framework; path = System/Library/Frameworks/Social.framework; sourceTree = SDKROOT; };
		ECE1A3FE1A97AE42003DAB06 /* Accounts.framework */ = {isa = PBXFileReference; lastKnownFileType = wrapper.framework; name = Accounts.framework; path = System/Library/Frameworks/Accounts.framework; sourceTree = SDKROOT; };
		ECE1A4001A97AF31003DAB06 /* libsqlite3.dylib */ = {isa = PBXFileReference; lastKnownFileType = "compiled.mach-o.dylib"; name = libsqlite3.dylib; path = usr/lib/libsqlite3.dylib; sourceTree = SDKROOT; };
		FA45CB751943DA80003C15C8 /* dilemma.app */ = {isa = PBXFileReference; explicitFileType = wrapper.application; includeInIndex = 0; path = dilemma.app; sourceTree = BUILT_PRODUCTS_DIR; };
		FA45CB781943DA80003C15C8 /* Foundation.framework */ = {isa = PBXFileReference; lastKnownFileType = wrapper.framework; name = Foundation.framework; path = System/Library/Frameworks/Foundation.framework; sourceTree = SDKROOT; };
		FA45CB7A1943DA80003C15C8 /* CoreGraphics.framework */ = {isa = PBXFileReference; lastKnownFileType = wrapper.framework; name = CoreGraphics.framework; path = System/Library/Frameworks/CoreGraphics.framework; sourceTree = SDKROOT; };
		FA45CB7C1943DA80003C15C8 /* UIKit.framework */ = {isa = PBXFileReference; lastKnownFileType = wrapper.framework; name = UIKit.framework; path = System/Library/Frameworks/UIKit.framework; sourceTree = SDKROOT; };
		FA45CB801943DA80003C15C8 /* dilemma-Info.plist */ = {isa = PBXFileReference; lastKnownFileType = text.plist.xml; path = "dilemma-Info.plist"; sourceTree = "<group>"; };
		FA45CB821943DA80003C15C8 /* en */ = {isa = PBXFileReference; lastKnownFileType = text.plist.strings; name = en; path = en.lproj/InfoPlist.strings; sourceTree = "<group>"; };
		FA45CB841943DA80003C15C8 /* main.m */ = {isa = PBXFileReference; lastKnownFileType = sourcecode.c.objc; path = main.m; sourceTree = "<group>"; };
		FA45CB861943DA80003C15C8 /* dilemma-Prefix.pch */ = {isa = PBXFileReference; lastKnownFileType = sourcecode.c.h; path = "dilemma-Prefix.pch"; sourceTree = "<group>"; };
		FA45CB871943DA80003C15C8 /* dilemmaAppDelegate.h */ = {isa = PBXFileReference; lastKnownFileType = sourcecode.c.h; path = dilemmaAppDelegate.h; sourceTree = "<group>"; };
		FA45CB881943DA80003C15C8 /* dilemmaAppDelegate.m */ = {isa = PBXFileReference; lastKnownFileType = sourcecode.c.objc; path = dilemmaAppDelegate.m; sourceTree = "<group>"; };
		FA45CB8B1943DA80003C15C8 /* Base */ = {isa = PBXFileReference; lastKnownFileType = file.storyboard; name = Base; path = Base.lproj/Main_iPhone.storyboard; sourceTree = "<group>"; };
		FA45CB8E1943DA80003C15C8 /* Base */ = {isa = PBXFileReference; lastKnownFileType = file.storyboard; name = Base; path = Base.lproj/Main_iPad.storyboard; sourceTree = "<group>"; };
		FA45CB901943DA80003C15C8 /* dilemmaViewController.h */ = {isa = PBXFileReference; lastKnownFileType = sourcecode.c.h; path = dilemmaViewController.h; sourceTree = "<group>"; };
		FA45CB911943DA80003C15C8 /* dilemmaViewController.m */ = {isa = PBXFileReference; lastKnownFileType = sourcecode.c.objc; path = dilemmaViewController.m; sourceTree = "<group>"; };
		FA45CB931943DA80003C15C8 /* Images.xcassets */ = {isa = PBXFileReference; lastKnownFileType = folder.assetcatalog; path = Images.xcassets; sourceTree = "<group>"; };
		FA45CB9A1943DA80003C15C8 /* XCTest.framework */ = {isa = PBXFileReference; lastKnownFileType = wrapper.framework; name = XCTest.framework; path = Library/Frameworks/XCTest.framework; sourceTree = DEVELOPER_DIR; };
		FA45CBA21943DA80003C15C8 /* dilemmaTests-Info.plist */ = {isa = PBXFileReference; lastKnownFileType = text.plist.xml; path = "dilemmaTests-Info.plist"; sourceTree = "<group>"; };
		FA45CBA41943DA80003C15C8 /* en */ = {isa = PBXFileReference; lastKnownFileType = text.plist.strings; name = en; path = en.lproj/InfoPlist.strings; sourceTree = "<group>"; };
		FA45CBA61943DA80003C15C8 /* dilemmaTests.m */ = {isa = PBXFileReference; lastKnownFileType = sourcecode.c.objc; path = dilemmaTests.m; sourceTree = "<group>"; };
		FA45CBB01943DD3A003C15C8 /* VotePicturesViewController.h */ = {isa = PBXFileReference; fileEncoding = 4; lastKnownFileType = sourcecode.c.h; path = VotePicturesViewController.h; sourceTree = "<group>"; };
		FA45CBB11943DD3A003C15C8 /* VotePicturesViewController.m */ = {isa = PBXFileReference; fileEncoding = 4; lastKnownFileType = sourcecode.c.objc; path = VotePicturesViewController.m; sourceTree = "<group>"; };
		FA45CBB51943E380003C15C8 /* SetPicturesViewController.h */ = {isa = PBXFileReference; fileEncoding = 4; lastKnownFileType = sourcecode.c.h; path = SetPicturesViewController.h; sourceTree = "<group>"; };
		FA45CBB61943E380003C15C8 /* SetPicturesViewController.m */ = {isa = PBXFileReference; fileEncoding = 4; lastKnownFileType = sourcecode.c.objc; path = SetPicturesViewController.m; sourceTree = "<group>"; };
		FA45CBB81944C6AA003C15C8 /* SetPicsOverlay.xib */ = {isa = PBXFileReference; fileEncoding = 4; lastKnownFileType = file.xib; path = SetPicsOverlay.xib; sourceTree = "<group>"; };
		FA45CBD11944E6F6003C15C8 /* AudioToolbox.framework */ = {isa = PBXFileReference; lastKnownFileType = wrapper.framework; name = AudioToolbox.framework; path = System/Library/Frameworks/AudioToolbox.framework; sourceTree = SDKROOT; };
		FA45CBD31944E6FE003C15C8 /* CFNetwork.framework */ = {isa = PBXFileReference; lastKnownFileType = wrapper.framework; name = CFNetwork.framework; path = System/Library/Frameworks/CFNetwork.framework; sourceTree = SDKROOT; };
		FA45CBD51944E712003C15C8 /* CoreLocation.framework */ = {isa = PBXFileReference; lastKnownFileType = wrapper.framework; name = CoreLocation.framework; path = System/Library/Frameworks/CoreLocation.framework; sourceTree = SDKROOT; };
		FA45CBD71944E71C003C15C8 /* libz.dylib */ = {isa = PBXFileReference; lastKnownFileType = "compiled.mach-o.dylib"; name = libz.dylib; path = usr/lib/libz.dylib; sourceTree = SDKROOT; };
		FA45CBD91944E725003C15C8 /* MobileCoreServices.framework */ = {isa = PBXFileReference; lastKnownFileType = wrapper.framework; name = MobileCoreServices.framework; path = System/Library/Frameworks/MobileCoreServices.framework; sourceTree = SDKROOT; };
		FA45CBDB1944E72D003C15C8 /* QuartzCore.framework */ = {isa = PBXFileReference; lastKnownFileType = wrapper.framework; name = QuartzCore.framework; path = System/Library/Frameworks/QuartzCore.framework; sourceTree = SDKROOT; };
		FA45CBDD1944E735003C15C8 /* Security.framework */ = {isa = PBXFileReference; lastKnownFileType = wrapper.framework; name = Security.framework; path = System/Library/Frameworks/Security.framework; sourceTree = SDKROOT; };
		FA45CBDF1944E73D003C15C8 /* StoreKit.framework */ = {isa = PBXFileReference; lastKnownFileType = wrapper.framework; name = StoreKit.framework; path = System/Library/Frameworks/StoreKit.framework; sourceTree = SDKROOT; };
		FA45CBE11944E748003C15C8 /* SystemConfiguration.framework */ = {isa = PBXFileReference; lastKnownFileType = wrapper.framework; name = SystemConfiguration.framework; path = System/Library/Frameworks/SystemConfiguration.framework; sourceTree = SDKROOT; };
		FA7BD7AC19857558006C9A5A /* FacebookSDK.framework */ = {isa = PBXFileReference; lastKnownFileType = wrapper.framework; name = FacebookSDK.framework; path = dilemma/FacebookSDK.framework; sourceTree = "<group>"; };
		FA7BD7AE198575D8006C9A5A /* smiley.jpeg */ = {isa = PBXFileReference; lastKnownFileType = image.jpeg; path = smiley.jpeg; sourceTree = "<group>"; };
		FA7BD7B0198578C5006C9A5A /* iOS-7-Light-Blue-Gradient.png */ = {isa = PBXFileReference; lastKnownFileType = image.png; path = "iOS-7-Light-Blue-Gradient.png"; sourceTree = "<group>"; };
		FA7BD7B219857DB8006C9A5A /* self1.jpeg */ = {isa = PBXFileReference; lastKnownFileType = image.jpeg; path = self1.jpeg; sourceTree = "<group>"; };
		FA7BD7B319857DB8006C9A5A /* self2.jpeg */ = {isa = PBXFileReference; lastKnownFileType = image.jpeg; path = self2.jpeg; sourceTree = "<group>"; };
		FA7BD7B419857DB8006C9A5A /* self3.jpeg */ = {isa = PBXFileReference; lastKnownFileType = image.jpeg; path = self3.jpeg; sourceTree = "<group>"; };
		FA7BD7B519857DB8006C9A5A /* self4.jpeg */ = {isa = PBXFileReference; lastKnownFileType = image.jpeg; path = self4.jpeg; sourceTree = "<group>"; };
		FA7BD7BA1985A8F6006C9A5A /* dilemmaTitleScreenViewController.h */ = {isa = PBXFileReference; fileEncoding = 4; lastKnownFileType = sourcecode.c.h; path = dilemmaTitleScreenViewController.h; sourceTree = "<group>"; };
		FA7BD7BB1985A8F6006C9A5A /* dilemmaTitleScreenViewController.m */ = {isa = PBXFileReference; fileEncoding = 4; lastKnownFileType = sourcecode.c.objc; path = dilemmaTitleScreenViewController.m; sourceTree = "<group>"; };
		FA7BD7F71985AAC6006C9A5A /* MyDilemmasViewController.h */ = {isa = PBXFileReference; fileEncoding = 4; lastKnownFileType = sourcecode.c.h; path = MyDilemmasViewController.h; sourceTree = "<group>"; };
		FA7BD7F81985AAC6006C9A5A /* MyDilemmasViewController.m */ = {isa = PBXFileReference; fileEncoding = 4; lastKnownFileType = sourcecode.c.objc; path = MyDilemmasViewController.m; sourceTree = "<group>"; };
/* End PBXFileReference section */

/* Begin PBXFrameworksBuildPhase section */
		FA45CB721943DA80003C15C8 /* Frameworks */ = {
			isa = PBXFrameworksBuildPhase;
			buildActionMask = 2147483647;
			files = (
				ECE1A4011A97AF31003DAB06 /* libsqlite3.dylib in Frameworks */,
				ECE1A3FF1A97AE42003DAB06 /* Accounts.framework in Frameworks */,
				ECE1A3FD1A97AE3B003DAB06 /* Social.framework in Frameworks */,
				ECE1A3C71A97ACF3003DAB06 /* Bolts.framework in Frameworks */,
				ECE1A3C81A97ACF3003DAB06 /* Parse.framework in Frameworks */,
				FA7BD7AD19857558006C9A5A /* FacebookSDK.framework in Frameworks */,
				D3AC8B3619817149001957A3 /* ImageIO.framework in Frameworks */,
				FA45CBE21944E748003C15C8 /* SystemConfiguration.framework in Frameworks */,
				FA45CBE01944E73D003C15C8 /* StoreKit.framework in Frameworks */,
				FA45CBDE1944E735003C15C8 /* Security.framework in Frameworks */,
				FA45CBDC1944E72D003C15C8 /* QuartzCore.framework in Frameworks */,
				FA45CBDA1944E725003C15C8 /* MobileCoreServices.framework in Frameworks */,
				FA45CBD81944E71C003C15C8 /* libz.dylib in Frameworks */,
				FA45CBD61944E712003C15C8 /* CoreLocation.framework in Frameworks */,
				FA45CB7B1943DA80003C15C8 /* CoreGraphics.framework in Frameworks */,
				FA45CBD41944E6FE003C15C8 /* CFNetwork.framework in Frameworks */,
				FA45CBD21944E6F6003C15C8 /* AudioToolbox.framework in Frameworks */,
				FA45CB7D1943DA80003C15C8 /* UIKit.framework in Frameworks */,
				FA45CB791943DA80003C15C8 /* Foundation.framework in Frameworks */,
			);
			runOnlyForDeploymentPostprocessing = 0;
		};
/* End PBXFrameworksBuildPhase section */

/* Begin PBXGroup section */
		D3A7AB3919796D35000CA910 /* assets */ = {
			isa = PBXGroup;
			children = (
				EC61F6AE1AF679DD006DA8B3 /* SponsorIcon.png */,
				EC61F6A81AF677B4006DA8B3 /* Clipart-Of-A-Young-Blond-Woman-Avatar-With-Sunglasses-Royalty-Free-Vector-Illustration-10241228123.jpg */,
				EC61F6A91AF677B4006DA8B3 /* sunglasswoman.jpg */,
				EC61F6AA1AF677B4006DA8B3 /* sun_glasses-512.png */,
				EC61F6A61AF576F3006DA8B3 /* random.jpg */,
				EC61F6A41AF5769D006DA8B3 /* stock-photo-young-business-man-and-woman-in-the-office-260081642.jpg */,
				EC61F6A21AF57617006DA8B3 /* sexappeal.jpg */,
				EC61F6A01AF574EE006DA8B3 /* CQ-Web-Interior-Designer-Working-Istock-Purchase.jpg */,
				EC61F69E1AF57470006DA8B3 /* male-female-profile-picture-vector-abstract-32171668.jpg */,
				EC2BF8D31AADB0F200DD87DB /* carselfie1.jpg */,
				EC2BF8D11AADAC7700DD87DB /* womanatmirror.jpg */,
				FA7BD7B219857DB8006C9A5A /* self1.jpeg */,
				FA7BD7B319857DB8006C9A5A /* self2.jpeg */,
				FA7BD7B419857DB8006C9A5A /* self3.jpeg */,
				FA7BD7B519857DB8006C9A5A /* self4.jpeg */,
				FA7BD7B0198578C5006C9A5A /* iOS-7-Light-Blue-Gradient.png */,
				FA7BD7AE198575D8006C9A5A /* smiley.jpeg */,
			);
			name = assets;
			sourceTree = "<group>";
		};
		D3AC8B2E197EE865001957A3 /* ProgressIndicator */ = {
			isa = PBXGroup;
			children = (
				D3AC8B2B197EE85D001957A3 /* MBProgressHUD.h */,
				D3AC8B2C197EE85D001957A3 /* MBProgressHUD.m */,
			);
			name = ProgressIndicator;
			sourceTree = "<group>";
		};
		EC61F6B01AF71E4A006DA8B3 /* commonControls */ = {
			isa = PBXGroup;
			children = (
				EC61F6B11AF71E86006DA8B3 /* sharedUserDataSingleton.h */,
				EC61F6B21AF71E86006DA8B3 /* sharedUserDataSingleton.m */,
				EC61F6B31AF71E86006DA8B3 /* Reachability.h */,
				EC61F6B41AF71E86006DA8B3 /* Reachability.m */,
				EC61F6B51AF71E86006DA8B3 /* UIImage+Scaling.h */,
				EC61F6B61AF71E86006DA8B3 /* UIImage+Scaling.m */,
				EC61F6B71AF71E86006DA8B3 /* UIImageView+Scaling.h */,
				EC61F6B81AF71E86006DA8B3 /* UIImageView+Scaling.m */,
				EC61F6B91AF71E87006DA8B3 /* UIImageView+UIActivityIndicatorForSDWebImage.h */,
				EC61F6BA1AF71E87006DA8B3 /* UIImageView+UIActivityIndicatorForSDWebImage.m */,
				EC61F6BB1AF71E87006DA8B3 /* UIView+Animation.h */,
				EC61F6BC1AF71E87006DA8B3 /* UIView+Animation.m */,
				EC61F69C1AF571D6006DA8B3 /* iCarousel.m */,
				EC61F69B1AF571D6006DA8B3 /* iCarousel.h */,
			);
			name = commonControls;
			sourceTree = "<group>";
		};
		EC61F6C51AF72157006DA8B3 /* SDWebImage */ = {
			isa = PBXGroup;
			children = (
				EC61F6C61AF72157006DA8B3 /* MKAnnotationView+WebCache.h */,
				EC61F6C71AF72157006DA8B3 /* MKAnnotationView+WebCache.m */,
				EC61F6C81AF72157006DA8B3 /* NSData+ImageContentType.h */,
				EC61F6C91AF72157006DA8B3 /* NSData+ImageContentType.m */,
				EC61F6CA1AF72157006DA8B3 /* SDImageCache.h */,
				EC61F6CB1AF72157006DA8B3 /* SDImageCache.m */,
				EC61F6CC1AF72157006DA8B3 /* SDWebImageCompat.h */,
				EC61F6CD1AF72157006DA8B3 /* SDWebImageCompat.m */,
				EC61F6CE1AF72157006DA8B3 /* SDWebImageDecoder.h */,
				EC61F6CF1AF72157006DA8B3 /* SDWebImageDecoder.m */,
				EC61F6D01AF72157006DA8B3 /* SDWebImageDownloader.h */,
				EC61F6D11AF72157006DA8B3 /* SDWebImageDownloader.m */,
				EC61F6D21AF72157006DA8B3 /* SDWebImageDownloaderOperation.h */,
				EC61F6D31AF72157006DA8B3 /* SDWebImageDownloaderOperation.m */,
				EC61F6D41AF72157006DA8B3 /* SDWebImageManager.h */,
				EC61F6D51AF72157006DA8B3 /* SDWebImageManager.m */,
				EC61F6D61AF72157006DA8B3 /* SDWebImageOperation.h */,
				EC61F6D71AF72157006DA8B3 /* SDWebImagePrefetcher.h */,
				EC61F6D81AF72157006DA8B3 /* SDWebImagePrefetcher.m */,
				EC61F6D91AF72157006DA8B3 /* UIButton+WebCache.h */,
				EC61F6DA1AF72157006DA8B3 /* UIButton+WebCache.m */,
				EC61F6DB1AF72157006DA8B3 /* UIImage+GIF.h */,
				EC61F6DC1AF72158006DA8B3 /* UIImage+GIF.m */,
				EC61F6DD1AF72158006DA8B3 /* UIImage+MultiFormat.h */,
				EC61F6DE1AF72158006DA8B3 /* UIImage+MultiFormat.m */,
				EC61F6DF1AF72158006DA8B3 /* UIImage+WebP.h */,
				EC61F6E01AF72158006DA8B3 /* UIImage+WebP.m */,
				EC61F6E11AF72158006DA8B3 /* UIImageView+HighlightedWebCache.h */,
				EC61F6E21AF72158006DA8B3 /* UIImageView+HighlightedWebCache.m */,
				EC61F6E31AF72158006DA8B3 /* UIImageView+WebCache.h */,
				EC61F6E41AF72158006DA8B3 /* UIImageView+WebCache.m */,
				EC61F6E51AF72158006DA8B3 /* UIView+WebCacheOperation.h */,
				EC61F6E61AF72158006DA8B3 /* UIView+WebCacheOperation.m */,
			);
			path = SDWebImage;
			sourceTree = "<group>";
		};
		FA45CB6C1943DA7F003C15C8 = {
			isa = PBXGroup;
			children = (
				FA45CB7E1943DA80003C15C8 /* dilemma */,
				FA45CBA01943DA80003C15C8 /* dilemmaTests */,
				FA45CB771943DA80003C15C8 /* Frameworks */,
				FA45CB761943DA80003C15C8 /* Products */,
			);
			sourceTree = "<group>";
		};
		FA45CB761943DA80003C15C8 /* Products */ = {
			isa = PBXGroup;
			children = (
				FA45CB751943DA80003C15C8 /* dilemma.app */,
			);
			name = Products;
			sourceTree = "<group>";
		};
		FA45CB771943DA80003C15C8 /* Frameworks */ = {
			isa = PBXGroup;
			children = (
				ECE1A4001A97AF31003DAB06 /* libsqlite3.dylib */,
				ECE1A3FE1A97AE42003DAB06 /* Accounts.framework */,
				ECE1A3FC1A97AE3B003DAB06 /* Social.framework */,
				ECE1A3C41A97ACF3003DAB06 /* Bolts.framework */,
				ECE1A3C51A97ACF3003DAB06 /* Parse.framework */,
				FA7BD7AC19857558006C9A5A /* FacebookSDK.framework */,
				D3AC8B3519817149001957A3 /* ImageIO.framework */,
				FA45CBE11944E748003C15C8 /* SystemConfiguration.framework */,
				FA45CBDF1944E73D003C15C8 /* StoreKit.framework */,
				FA45CBDD1944E735003C15C8 /* Security.framework */,
				FA45CBDB1944E72D003C15C8 /* QuartzCore.framework */,
				FA45CBD91944E725003C15C8 /* MobileCoreServices.framework */,
				FA45CBD71944E71C003C15C8 /* libz.dylib */,
				FA45CBD51944E712003C15C8 /* CoreLocation.framework */,
				FA45CBD31944E6FE003C15C8 /* CFNetwork.framework */,
				FA45CBD11944E6F6003C15C8 /* AudioToolbox.framework */,
				FA45CB781943DA80003C15C8 /* Foundation.framework */,
				FA45CB7A1943DA80003C15C8 /* CoreGraphics.framework */,
				FA45CB7C1943DA80003C15C8 /* UIKit.framework */,
				FA45CB9A1943DA80003C15C8 /* XCTest.framework */,
			);
			name = Frameworks;
			sourceTree = "<group>";
		};
		FA45CB7E1943DA80003C15C8 /* dilemma */ = {
			isa = PBXGroup;
			children = (
				EC61F6C51AF72157006DA8B3 /* SDWebImage */,
				EC61F6B01AF71E4A006DA8B3 /* commonControls */,
				D3AC8B2E197EE865001957A3 /* ProgressIndicator */,
				D3A7AB3919796D35000CA910 /* assets */,
				FA7BD7F71985AAC6006C9A5A /* MyDilemmasViewController.h */,
				FA7BD7F81985AAC6006C9A5A /* MyDilemmasViewController.m */,
				FA7BD7BA1985A8F6006C9A5A /* dilemmaTitleScreenViewController.h */,
				FA7BD7BB1985A8F6006C9A5A /* dilemmaTitleScreenViewController.m */,
				FA45CB871943DA80003C15C8 /* dilemmaAppDelegate.h */,
				FA45CB881943DA80003C15C8 /* dilemmaAppDelegate.m */,
				FA45CB8A1943DA80003C15C8 /* Main_iPhone.storyboard */,
				FA45CBB51943E380003C15C8 /* SetPicturesViewController.h */,
				FA45CBB61943E380003C15C8 /* SetPicturesViewController.m */,
				FA45CBB81944C6AA003C15C8 /* SetPicsOverlay.xib */,
				FA45CBB01943DD3A003C15C8 /* VotePicturesViewController.h */,
				FA45CBB11943DD3A003C15C8 /* VotePicturesViewController.m */,
				FA45CB8D1943DA80003C15C8 /* Main_iPad.storyboard */,
				FA45CB901943DA80003C15C8 /* dilemmaViewController.h */,
				FA45CB911943DA80003C15C8 /* dilemmaViewController.m */,
				FA45CB931943DA80003C15C8 /* Images.xcassets */,
				FA45CB7F1943DA80003C15C8 /* Supporting Files */,
			);
			path = dilemma;
			sourceTree = "<group>";
		};
		FA45CB7F1943DA80003C15C8 /* Supporting Files */ = {
			isa = PBXGroup;
			children = (
				FA45CB801943DA80003C15C8 /* dilemma-Info.plist */,
				FA45CB811943DA80003C15C8 /* InfoPlist.strings */,
				FA45CB841943DA80003C15C8 /* main.m */,
				FA45CB861943DA80003C15C8 /* dilemma-Prefix.pch */,
			);
			name = "Supporting Files";
			sourceTree = "<group>";
		};
		FA45CBA01943DA80003C15C8 /* dilemmaTests */ = {
			isa = PBXGroup;
			children = (
				FA45CBA61943DA80003C15C8 /* dilemmaTests.m */,
				FA45CBA11943DA80003C15C8 /* Supporting Files */,
			);
			path = dilemmaTests;
			sourceTree = "<group>";
		};
		FA45CBA11943DA80003C15C8 /* Supporting Files */ = {
			isa = PBXGroup;
			children = (
				FA45CBA21943DA80003C15C8 /* dilemmaTests-Info.plist */,
				FA45CBA31943DA80003C15C8 /* InfoPlist.strings */,
			);
			name = "Supporting Files";
			sourceTree = "<group>";
		};
/* End PBXGroup section */

/* Begin PBXNativeTarget section */
		FA45CB741943DA80003C15C8 /* dilemma */ = {
			isa = PBXNativeTarget;
			buildConfigurationList = FA45CBAA1943DA80003C15C8 /* Build configuration list for PBXNativeTarget "dilemma" */;
			buildPhases = (
				FA45CB711943DA80003C15C8 /* Sources */,
				FA45CB721943DA80003C15C8 /* Frameworks */,
				FA45CB731943DA80003C15C8 /* Resources */,
			);
			buildRules = (
			);
			dependencies = (
			);
			name = dilemma;
			productName = dilemma;
			productReference = FA45CB751943DA80003C15C8 /* dilemma.app */;
			productType = "com.apple.product-type.application";
		};
/* End PBXNativeTarget section */

/* Begin PBXProject section */
		FA45CB6D1943DA7F003C15C8 /* Project object */ = {
			isa = PBXProject;
			attributes = {
				CLASSPREFIX = dilemma;
				LastUpgradeCheck = 0510;
				ORGANIZATIONNAME = Bricorp;
				TargetAttributes = {
					FA45CB741943DA80003C15C8 = {
						DevelopmentTeam = U536PJZFA3;
					};
				};
			};
			buildConfigurationList = FA45CB701943DA7F003C15C8 /* Build configuration list for PBXProject "dilemma" */;
			compatibilityVersion = "Xcode 3.2";
			developmentRegion = English;
			hasScannedForEncodings = 0;
			knownRegions = (
				en,
				Base,
			);
			mainGroup = FA45CB6C1943DA7F003C15C8;
			productRefGroup = FA45CB761943DA80003C15C8 /* Products */;
			projectDirPath = "";
			projectRoot = "";
			targets = (
				FA45CB741943DA80003C15C8 /* dilemma */,
			);
		};
/* End PBXProject section */

/* Begin PBXResourcesBuildPhase section */
		FA45CB731943DA80003C15C8 /* Resources */ = {
			isa = PBXResourcesBuildPhase;
			buildActionMask = 2147483647;
			files = (
				FA7BD7B1198578C5006C9A5A /* iOS-7-Light-Blue-Gradient.png in Resources */,
				EC2BF8D41AADB0F200DD87DB /* carselfie1.jpg in Resources */,
				EC61F69F1AF57470006DA8B3 /* male-female-profile-picture-vector-abstract-32171668.jpg in Resources */,
				FA7BD7B619857DB8006C9A5A /* self1.jpeg in Resources */,
				FA45CB8F1943DA80003C15C8 /* Main_iPad.storyboard in Resources */,
				FA45CBB91944C6AA003C15C8 /* SetPicsOverlay.xib in Resources */,
				FA7BD7AF198575D8006C9A5A /* smiley.jpeg in Resources */,
				EC61F6AB1AF677B4006DA8B3 /* Clipart-Of-A-Young-Blond-Woman-Avatar-With-Sunglasses-Royalty-Free-Vector-Illustration-10241228123.jpg in Resources */,
				EC61F6A11AF574EE006DA8B3 /* CQ-Web-Interior-Designer-Working-Istock-Purchase.jpg in Resources */,
				EC61F6AF1AF679DD006DA8B3 /* SponsorIcon.png in Resources */,
				FA45CB941943DA80003C15C8 /* Images.xcassets in Resources */,
				EC61F6AC1AF677B4006DA8B3 /* sunglasswoman.jpg in Resources */,
				EC2BF8D21AADAC7700DD87DB /* womanatmirror.jpg in Resources */,
				EC61F6AD1AF677B4006DA8B3 /* sun_glasses-512.png in Resources */,
				EC61F6A71AF576F3006DA8B3 /* random.jpg in Resources */,
				FA7BD7B919857DB8006C9A5A /* self4.jpeg in Resources */,
				FA7BD7B719857DB8006C9A5A /* self2.jpeg in Resources */,
				FA45CB8C1943DA80003C15C8 /* Main_iPhone.storyboard in Resources */,
				EC61F6A51AF5769D006DA8B3 /* stock-photo-young-business-man-and-woman-in-the-office-260081642.jpg in Resources */,
				FA45CB831943DA80003C15C8 /* InfoPlist.strings in Resources */,
				FA7BD7B819857DB8006C9A5A /* self3.jpeg in Resources */,
				EC61F6A31AF57617006DA8B3 /* sexappeal.jpg in Resources */,
			);
			runOnlyForDeploymentPostprocessing = 0;
		};
/* End PBXResourcesBuildPhase section */

/* Begin PBXSourcesBuildPhase section */
		FA45CB711943DA80003C15C8 /* Sources */ = {
			isa = PBXSourcesBuildPhase;
			buildActionMask = 2147483647;
			files = (
				EC61F6F11AF72158006DA8B3 /* UIImage+GIF.m in Sources */,
				EC61F6EE1AF72158006DA8B3 /* SDWebImageManager.m in Sources */,
				EC61F6F51AF72158006DA8B3 /* UIImageView+WebCache.m in Sources */,
				EC61F6ED1AF72158006DA8B3 /* SDWebImageDownloaderOperation.m in Sources */,
				FA45CB921943DA80003C15C8 /* dilemmaViewController.m in Sources */,
				EC61F6E91AF72158006DA8B3 /* SDImageCache.m in Sources */,
				EC61F6E71AF72158006DA8B3 /* MKAnnotationView+WebCache.m in Sources */,
				EC61F6C11AF71E87006DA8B3 /* UIImageView+UIActivityIndicatorForSDWebImage.m in Sources */,
				EC61F6F21AF72158006DA8B3 /* UIImage+MultiFormat.m in Sources */,
				D3AC8B2D197EE85D001957A3 /* MBProgressHUD.m in Sources */,
				FA45CB891943DA80003C15C8 /* dilemmaAppDelegate.m in Sources */,
				EC61F6F61AF72158006DA8B3 /* UIView+WebCacheOperation.m in Sources */,
				EC61F69D1AF571D6006DA8B3 /* iCarousel.m in Sources */,
				EC61F6F31AF72158006DA8B3 /* UIImage+WebP.m in Sources */,
				EC61F6EF1AF72158006DA8B3 /* SDWebImagePrefetcher.m in Sources */,
				FA7BD7F91985AAC6006C9A5A /* MyDilemmasViewController.m in Sources */,
				EC61F6BD1AF71E87006DA8B3 /* sharedUserDataSingleton.m in Sources */,
				FA7BD7BC1985A8F6006C9A5A /* dilemmaTitleScreenViewController.m in Sources */,
				EC61F6EA1AF72158006DA8B3 /* SDWebImageCompat.m in Sources */,
				EC61F6E81AF72158006DA8B3 /* NSData+ImageContentType.m in Sources */,
				EC61F6EB1AF72158006DA8B3 /* SDWebImageDecoder.m in Sources */,
				FA45CBB71943E380003C15C8 /* SetPicturesViewController.m in Sources */,
				EC61F6F41AF72158006DA8B3 /* UIImageView+HighlightedWebCache.m in Sources */,
				EC61F6F01AF72158006DA8B3 /* UIButton+WebCache.m in Sources */,
				FA45CB851943DA80003C15C8 /* main.m in Sources */,
				FA45CBB21943DD3A003C15C8 /* VotePicturesViewController.m in Sources */,
				EC61F6BF1AF71E87006DA8B3 /* UIImage+Scaling.m in Sources */,
				EC61F6C01AF71E87006DA8B3 /* UIImageView+Scaling.m in Sources */,
				EC61F6BE1AF71E87006DA8B3 /* Reachability.m in Sources */,
				EC61F6EC1AF72158006DA8B3 /* SDWebImageDownloader.m in Sources */,
				EC61F6C21AF71E87006DA8B3 /* UIView+Animation.m in Sources */,
			);
			runOnlyForDeploymentPostprocessing = 0;
		};
/* End PBXSourcesBuildPhase section */

/* Begin PBXVariantGroup section */
		FA45CB811943DA80003C15C8 /* InfoPlist.strings */ = {
			isa = PBXVariantGroup;
			children = (
				FA45CB821943DA80003C15C8 /* en */,
			);
			name = InfoPlist.strings;
			sourceTree = "<group>";
		};
		FA45CB8A1943DA80003C15C8 /* Main_iPhone.storyboard */ = {
			isa = PBXVariantGroup;
			children = (
				FA45CB8B1943DA80003C15C8 /* Base */,
			);
			name = Main_iPhone.storyboard;
			sourceTree = "<group>";
		};
		FA45CB8D1943DA80003C15C8 /* Main_iPad.storyboard */ = {
			isa = PBXVariantGroup;
			children = (
				FA45CB8E1943DA80003C15C8 /* Base */,
			);
			name = Main_iPad.storyboard;
			sourceTree = "<group>";
		};
		FA45CBA31943DA80003C15C8 /* InfoPlist.strings */ = {
			isa = PBXVariantGroup;
			children = (
				FA45CBA41943DA80003C15C8 /* en */,
			);
			name = InfoPlist.strings;
			sourceTree = "<group>";
		};
/* End PBXVariantGroup section */

/* Begin XCBuildConfiguration section */
		FA45CBA81943DA80003C15C8 /* Debug */ = {
			isa = XCBuildConfiguration;
			buildSettings = {
				ALWAYS_SEARCH_USER_PATHS = NO;
				CLANG_CXX_LANGUAGE_STANDARD = "gnu++0x";
				CLANG_CXX_LIBRARY = "libc++";
				CLANG_ENABLE_MODULES = YES;
				CLANG_ENABLE_OBJC_ARC = YES;
				CLANG_WARN_BOOL_CONVERSION = YES;
				CLANG_WARN_CONSTANT_CONVERSION = YES;
				CLANG_WARN_DIRECT_OBJC_ISA_USAGE = YES_ERROR;
				CLANG_WARN_EMPTY_BODY = YES;
				CLANG_WARN_ENUM_CONVERSION = YES;
				CLANG_WARN_INT_CONVERSION = YES;
				CLANG_WARN_OBJC_ROOT_CLASS = YES_ERROR;
				CLANG_WARN__DUPLICATE_METHOD_MATCH = YES;
				"CODE_SIGN_IDENTITY[sdk=iphoneos*]" = "iPhone Developer";
				COPY_PHASE_STRIP = NO;
				GCC_C_LANGUAGE_STANDARD = gnu99;
				GCC_DYNAMIC_NO_PIC = NO;
				GCC_OPTIMIZATION_LEVEL = 0;
				GCC_PREPROCESSOR_DEFINITIONS = (
					"DEBUG=1",
					"$(inherited)",
				);
				GCC_SYMBOLS_PRIVATE_EXTERN = NO;
				GCC_WARN_64_TO_32_BIT_CONVERSION = YES;
				GCC_WARN_ABOUT_RETURN_TYPE = YES_ERROR;
				GCC_WARN_UNDECLARED_SELECTOR = YES;
				GCC_WARN_UNINITIALIZED_AUTOS = YES_AGGRESSIVE;
				GCC_WARN_UNUSED_FUNCTION = YES;
				GCC_WARN_UNUSED_VARIABLE = YES;
				IPHONEOS_DEPLOYMENT_TARGET = 7.1;
				ONLY_ACTIVE_ARCH = YES;
				OTHER_LDFLAGS = "-ObjC";
				SDKROOT = iphoneos;
				TARGETED_DEVICE_FAMILY = "1,2";
			};
			name = Debug;
		};
		FA45CBA91943DA80003C15C8 /* Release */ = {
			isa = XCBuildConfiguration;
			buildSettings = {
				ALWAYS_SEARCH_USER_PATHS = NO;
				CLANG_CXX_LANGUAGE_STANDARD = "gnu++0x";
				CLANG_CXX_LIBRARY = "libc++";
				CLANG_ENABLE_MODULES = YES;
				CLANG_ENABLE_OBJC_ARC = YES;
				CLANG_WARN_BOOL_CONVERSION = YES;
				CLANG_WARN_CONSTANT_CONVERSION = YES;
				CLANG_WARN_DIRECT_OBJC_ISA_USAGE = YES_ERROR;
				CLANG_WARN_EMPTY_BODY = YES;
				CLANG_WARN_ENUM_CONVERSION = YES;
				CLANG_WARN_INT_CONVERSION = YES;
				CLANG_WARN_OBJC_ROOT_CLASS = YES_ERROR;
				CLANG_WARN__DUPLICATE_METHOD_MATCH = YES;
				"CODE_SIGN_IDENTITY[sdk=iphoneos*]" = "iPhone Developer";
				COPY_PHASE_STRIP = YES;
				ENABLE_NS_ASSERTIONS = NO;
				GCC_C_LANGUAGE_STANDARD = gnu99;
				GCC_WARN_64_TO_32_BIT_CONVERSION = YES;
				GCC_WARN_ABOUT_RETURN_TYPE = YES_ERROR;
				GCC_WARN_UNDECLARED_SELECTOR = YES;
				GCC_WARN_UNINITIALIZED_AUTOS = YES_AGGRESSIVE;
				GCC_WARN_UNUSED_FUNCTION = YES;
				GCC_WARN_UNUSED_VARIABLE = YES;
				IPHONEOS_DEPLOYMENT_TARGET = 7.1;
				OTHER_LDFLAGS = "-ObjC";
				SDKROOT = iphoneos;
				TARGETED_DEVICE_FAMILY = "1,2";
				VALIDATE_PRODUCT = YES;
			};
			name = Release;
		};
		FA45CBAB1943DA80003C15C8 /* Debug */ = {
			isa = XCBuildConfiguration;
			buildSettings = {
				ASSETCATALOG_COMPILER_APPICON_NAME = AppIcon;
				ASSETCATALOG_COMPILER_LAUNCHIMAGE_NAME = LaunchImage;
				CODE_SIGN_IDENTITY = "iPhone Developer";
				"CODE_SIGN_IDENTITY[sdk=iphoneos*]" = "iPhone Developer";
				FRAMEWORK_SEARCH_PATHS = (
					"$(inherited)",
					"$(PROJECT_DIR)/dilemma",
				);
				GCC_PRECOMPILE_PREFIX_HEADER = YES;
				GCC_PREFIX_HEADER = "dilemma/dilemma-Prefix.pch";
				INFOPLIST_FILE = "dilemma/dilemma-Info.plist";
				IPHONEOS_DEPLOYMENT_TARGET = 7.0;
				OTHER_LDFLAGS = "-ObjC";
				PRODUCT_NAME = "$(TARGET_NAME)";
				PROVISIONING_PROFILE = "43B9A007-EB1B-44B8-8FA4-FC27863C0978";
				VALID_ARCHS = "armv7 armv7s arm64";
				WRAPPER_EXTENSION = app;
			};
			name = Debug;
		};
		FA45CBAC1943DA80003C15C8 /* Release */ = {
			isa = XCBuildConfiguration;
			buildSettings = {
				ASSETCATALOG_COMPILER_APPICON_NAME = AppIcon;
				ASSETCATALOG_COMPILER_LAUNCHIMAGE_NAME = LaunchImage;
				CODE_SIGN_IDENTITY = "iPhone Developer";
				"CODE_SIGN_IDENTITY[sdk=iphoneos*]" = "iPhone Developer";
				FRAMEWORK_SEARCH_PATHS = (
					"$(inherited)",
					"$(PROJECT_DIR)/dilemma",
				);
				GCC_PRECOMPILE_PREFIX_HEADER = YES;
				GCC_PREFIX_HEADER = "dilemma/dilemma-Prefix.pch";
				INFOPLIST_FILE = "dilemma/dilemma-Info.plist";
				IPHONEOS_DEPLOYMENT_TARGET = 7.0;
				OTHER_LDFLAGS = "-ObjC";
				PRODUCT_NAME = "$(TARGET_NAME)";
				PROVISIONING_PROFILE = "43B9A007-EB1B-44B8-8FA4-FC27863C0978";
				VALID_ARCHS = "armv7 armv7s arm64";
				WRAPPER_EXTENSION = app;
			};
			name = Release;
		};
/* End XCBuildConfiguration section */

/* Begin XCConfigurationList section */
		FA45CB701943DA7F003C15C8 /* Build configuration list for PBXProject "dilemma" */ = {
			isa = XCConfigurationList;
			buildConfigurations = (
				FA45CBA81943DA80003C15C8 /* Debug */,
				FA45CBA91943DA80003C15C8 /* Release */,
			);
			defaultConfigurationIsVisible = 0;
			defaultConfigurationName = Release;
		};
		FA45CBAA1943DA80003C15C8 /* Build configuration list for PBXNativeTarget "dilemma" */ = {
			isa = XCConfigurationList;
			buildConfigurations = (
				FA45CBAB1943DA80003C15C8 /* Debug */,
				FA45CBAC1943DA80003C15C8 /* Release */,
			);
			defaultConfigurationIsVisible = 0;
			defaultConfigurationName = Release;
		};
/* End XCConfigurationList section */
	};
	rootObject = FA45CB6D1943DA7F003C15C8 /* Project object */;
}
