// !$*UTF8*$!
{
	archiveVersion = 1;
	classes = {
	};
	objectVersion = 46;
	objects = {

/* Begin PBXBuildFile section */
		D3A7AB3B19796D44000CA910 /* smiley.jpeg in Resources */ = {isa = PBXBuildFile; fileRef = D3A7AB3A19796D44000CA910 /* smiley.jpeg */; };
		D3AC8B2D197EE85D001957A3 /* MBProgressHUD.m in Sources */ = {isa = PBXBuildFile; fileRef = D3AC8B2C197EE85D001957A3 /* MBProgressHUD.m */; };
		D3AC8B3019800F12001957A3 /* SDWebImage.framework in Frameworks */ = {isa = PBXBuildFile; fileRef = D3AC8B2F19800F12001957A3 /* SDWebImage.framework */; };
		D3AC8B3419800F30001957A3 /* UIImageView+UIActivityIndicatorForSDWebImage.m in Sources */ = {isa = PBXBuildFile; fileRef = D3AC8B3319800F30001957A3 /* UIImageView+UIActivityIndicatorForSDWebImage.m */; };
		FA45CB791943DA80003C15C8 /* Foundation.framework in Frameworks */ = {isa = PBXBuildFile; fileRef = FA45CB781943DA80003C15C8 /* Foundation.framework */; };
		FA45CB7B1943DA80003C15C8 /* CoreGraphics.framework in Frameworks */ = {isa = PBXBuildFile; fileRef = FA45CB7A1943DA80003C15C8 /* CoreGraphics.framework */; };
		FA45CB7D1943DA80003C15C8 /* UIKit.framework in Frameworks */ = {isa = PBXBuildFile; fileRef = FA45CB7C1943DA80003C15C8 /* UIKit.framework */; };
		FA45CB831943DA80003C15C8 /* InfoPlist.strings in Resources */ = {isa = PBXBuildFile; fileRef = FA45CB811943DA80003C15C8 /* InfoPlist.strings */; };
		FA45CB851943DA80003C15C8 /* main.m in Sources */ = {isa = PBXBuildFile; fileRef = FA45CB841943DA80003C15C8 /* main.m */; };
		FA45CB891943DA80003C15C8 /* dilemmaAppDelegate.m in Sources */ = {isa = PBXBuildFile; fileRef = FA45CB881943DA80003C15C8 /* dilemmaAppDelegate.m */; };
		FA45CB8C1943DA80003C15C8 /* Main_iPhone.storyboard in Resources */ = {isa = PBXBuildFile; fileRef = FA45CB8A1943DA80003C15C8 /* Main_iPhone.storyboard */; };
		FA45CB8F1943DA80003C15C8 /* Main_iPad.storyboard in Resources */ = {isa = PBXBuildFile; fileRef = FA45CB8D1943DA80003C15C8 /* Main_iPad.storyboard */; };
		FA45CB921943DA80003C15C8 /* dilemmaViewController.m in Sources */ = {isa = PBXBuildFile; fileRef = FA45CB911943DA80003C15C8 /* dilemmaViewController.m */; };
		FA45CB941943DA80003C15C8 /* Images.xcassets in Resources */ = {isa = PBXBuildFile; fileRef = FA45CB931943DA80003C15C8 /* Images.xcassets */; };
		FA45CBB21943DD3A003C15C8 /* VotePicturesViewController.m in Sources */ = {isa = PBXBuildFile; fileRef = FA45CBB11943DD3A003C15C8 /* VotePicturesViewController.m */; };
		FA45CBB71943E380003C15C8 /* SetPicturesViewController.m in Sources */ = {isa = PBXBuildFile; fileRef = FA45CBB61943E380003C15C8 /* SetPicturesViewController.m */; };
		FA45CBB91944C6AA003C15C8 /* SetPicsOverlay.xib in Resources */ = {isa = PBXBuildFile; fileRef = FA45CBB81944C6AA003C15C8 /* SetPicsOverlay.xib */; };
		FA45CBD01944E641003C15C8 /* Parse.framework in Frameworks */ = {isa = PBXBuildFile; fileRef = FA45CBCF1944E641003C15C8 /* Parse.framework */; };
		FA45CBD21944E6F6003C15C8 /* AudioToolbox.framework in Frameworks */ = {isa = PBXBuildFile; fileRef = FA45CBD11944E6F6003C15C8 /* AudioToolbox.framework */; };
		FA45CBD41944E6FE003C15C8 /* CFNetwork.framework in Frameworks */ = {isa = PBXBuildFile; fileRef = FA45CBD31944E6FE003C15C8 /* CFNetwork.framework */; };
		FA45CBD61944E712003C15C8 /* CoreLocation.framework in Frameworks */ = {isa = PBXBuildFile; fileRef = FA45CBD51944E712003C15C8 /* CoreLocation.framework */; };
		FA45CBD81944E71C003C15C8 /* libz.dylib in Frameworks */ = {isa = PBXBuildFile; fileRef = FA45CBD71944E71C003C15C8 /* libz.dylib */; };
		FA45CBDA1944E725003C15C8 /* MobileCoreServices.framework in Frameworks */ = {isa = PBXBuildFile; fileRef = FA45CBD91944E725003C15C8 /* MobileCoreServices.framework */; };
		FA45CBDC1944E72D003C15C8 /* QuartzCore.framework in Frameworks */ = {isa = PBXBuildFile; fileRef = FA45CBDB1944E72D003C15C8 /* QuartzCore.framework */; };
		FA45CBDE1944E735003C15C8 /* Security.framework in Frameworks */ = {isa = PBXBuildFile; fileRef = FA45CBDD1944E735003C15C8 /* Security.framework */; };
		FA45CBE01944E73D003C15C8 /* StoreKit.framework in Frameworks */ = {isa = PBXBuildFile; fileRef = FA45CBDF1944E73D003C15C8 /* StoreKit.framework */; };
		FA45CBE21944E748003C15C8 /* SystemConfiguration.framework in Frameworks */ = {isa = PBXBuildFile; fileRef = FA45CBE11944E748003C15C8 /* SystemConfiguration.framework */; };
/* End PBXBuildFile section */

/* Begin PBXFileReference section */
		D3A7AB3A19796D44000CA910 /* smiley.jpeg */ = {isa = PBXFileReference; lastKnownFileType = image.jpeg; name = smiley.jpeg; path = ../../../Documents/smiley.jpeg; sourceTree = "<group>"; };
		D3AC8B2B197EE85D001957A3 /* MBProgressHUD.h */ = {isa = PBXFileReference; fileEncoding = 4; lastKnownFileType = sourcecode.c.h; path = MBProgressHUD.h; sourceTree = "<group>"; };
		D3AC8B2C197EE85D001957A3 /* MBProgressHUD.m */ = {isa = PBXFileReference; fileEncoding = 4; lastKnownFileType = sourcecode.c.objc; path = MBProgressHUD.m; sourceTree = "<group>"; };
		D3AC8B2F19800F12001957A3 /* SDWebImage.framework */ = {isa = PBXFileReference; lastKnownFileType = wrapper.framework; name = SDWebImage.framework; path = dilemma/SDWebImage.framework; sourceTree = "<group>"; };
		D3AC8B3219800F30001957A3 /* UIImageView+UIActivityIndicatorForSDWebImage.h */ = {isa = PBXFileReference; fileEncoding = 4; lastKnownFileType = sourcecode.c.h; path = "UIImageView+UIActivityIndicatorForSDWebImage.h"; sourceTree = "<group>"; };
		D3AC8B3319800F30001957A3 /* UIImageView+UIActivityIndicatorForSDWebImage.m */ = {isa = PBXFileReference; fileEncoding = 4; lastKnownFileType = sourcecode.c.objc; path = "UIImageView+UIActivityIndicatorForSDWebImage.m"; sourceTree = "<group>"; };
		FA45CB751943DA80003C15C8 /* dilemma.app */ = {isa = PBXFileReference; explicitFileType = wrapper.application; includeInIndex = 0; path = dilemma.app; sourceTree = BUILT_PRODUCTS_DIR; };
		FA45CB781943DA80003C15C8 /* Foundation.framework */ = {isa = PBXFileReference; lastKnownFileType = wrapper.framework; name = Foundation.framework; path = System/Library/Frameworks/Foundation.framework; sourceTree = SDKROOT; };
		FA45CB7A1943DA80003C15C8 /* CoreGraphics.framework */ = {isa = PBXFileReference; lastKnownFileType = wrapper.framework; name = CoreGraphics.framework; path = System/Library/Frameworks/CoreGraphics.framework; sourceTree = SDKROOT; };
		FA45CB7C1943DA80003C15C8 /* UIKit.framework */ = {isa = PBXFileReference; lastKnownFileType = wrapper.framework; name = UIKit.framework; path = System/Library/Frameworks/UIKit.framework; sourceTree = SDKROOT; };
		FA45CB801943DA80003C15C8 /* dilemma-Info.plist */ = {isa = PBXFileReference; lastKnownFileType = text.plist.xml; path = "dilemma-Info.plist"; sourceTree = "<group>"; };
		FA45CB821943DA80003C15C8 /* en */ = {isa = PBXFileReference; lastKnownFileType = text.plist.strings; name = en; path = en.lproj/InfoPlist.strings; sourceTree = "<group>"; };
		FA45CB841943DA80003C15C8 /* main.m */ = {isa = PBXFileReference; lastKnownFileType = sourcecode.c.objc; path = main.m; sourceTree = "<group>"; };
		FA45CB861943DA80003C15C8 /* dilemma-Prefix.pch */ = {isa = PBXFileReference; lastKnownFileType = sourcecode.c.h; path = "dilemma-Prefix.pch"; sourceTree = "<group>"; };
		FA45CB871943DA80003C15C8 /* dilemmaAppDelegate.h */ = {isa = PBXFileReference; lastKnownFileType = sourcecode.c.h; path = dilemmaAppDelegate.h; sourceTree = "<group>"; };
		FA45CB881943DA80003C15C8 /* dilemmaAppDelegate.m */ = {isa = PBXFileReference; lastKnownFileType = sourcecode.c.objc; path = dilemmaAppDelegate.m; sourceTree = "<group>"; };
		FA45CB8B1943DA80003C15C8 /* Base */ = {isa = PBXFileReference; lastKnownFileType = file.storyboard; name = Base; path = Base.lproj/Main_iPhone.storyboard; sourceTree = "<group>"; };
		FA45CB8E1943DA80003C15C8 /* Base */ = {isa = PBXFileReference; lastKnownFileType = file.storyboard; name = Base; path = Base.lproj/Main_iPad.storyboard; sourceTree = "<group>"; };
		FA45CB901943DA80003C15C8 /* dilemmaViewController.h */ = {isa = PBXFileReference; lastKnownFileType = sourcecode.c.h; path = dilemmaViewController.h; sourceTree = "<group>"; };
		FA45CB911943DA80003C15C8 /* dilemmaViewController.m */ = {isa = PBXFileReference; lastKnownFileType = sourcecode.c.objc; path = dilemmaViewController.m; sourceTree = "<group>"; };
		FA45CB931943DA80003C15C8 /* Images.xcassets */ = {isa = PBXFileReference; lastKnownFileType = folder.assetcatalog; path = Images.xcassets; sourceTree = "<group>"; };
		FA45CB9A1943DA80003C15C8 /* XCTest.framework */ = {isa = PBXFileReference; lastKnownFileType = wrapper.framework; name = XCTest.framework; path = Library/Frameworks/XCTest.framework; sourceTree = DEVELOPER_DIR; };
		FA45CBA21943DA80003C15C8 /* dilemmaTests-Info.plist */ = {isa = PBXFileReference; lastKnownFileType = text.plist.xml; path = "dilemmaTests-Info.plist"; sourceTree = "<group>"; };
		FA45CBA41943DA80003C15C8 /* en */ = {isa = PBXFileReference; lastKnownFileType = text.plist.strings; name = en; path = en.lproj/InfoPlist.strings; sourceTree = "<group>"; };
		FA45CBA61943DA80003C15C8 /* dilemmaTests.m */ = {isa = PBXFileReference; lastKnownFileType = sourcecode.c.objc; path = dilemmaTests.m; sourceTree = "<group>"; };
		FA45CBB01943DD3A003C15C8 /* VotePicturesViewController.h */ = {isa = PBXFileReference; fileEncoding = 4; lastKnownFileType = sourcecode.c.h; path = VotePicturesViewController.h; sourceTree = "<group>"; };
		FA45CBB11943DD3A003C15C8 /* VotePicturesViewController.m */ = {isa = PBXFileReference; fileEncoding = 4; lastKnownFileType = sourcecode.c.objc; path = VotePicturesViewController.m; sourceTree = "<group>"; };
		FA45CBB51943E380003C15C8 /* SetPicturesViewController.h */ = {isa = PBXFileReference; fileEncoding = 4; lastKnownFileType = sourcecode.c.h; path = SetPicturesViewController.h; sourceTree = "<group>"; };
		FA45CBB61943E380003C15C8 /* SetPicturesViewController.m */ = {isa = PBXFileReference; fileEncoding = 4; lastKnownFileType = sourcecode.c.objc; path = SetPicturesViewController.m; sourceTree = "<group>"; };
		FA45CBB81944C6AA003C15C8 /* SetPicsOverlay.xib */ = {isa = PBXFileReference; fileEncoding = 4; lastKnownFileType = file.xib; path = SetPicsOverlay.xib; sourceTree = "<group>"; };
		FA45CBCF1944E641003C15C8 /* Parse.framework */ = {isa = PBXFileReference; lastKnownFileType = wrapper.framework; name = Parse.framework; path = dilemma/Parse.framework; sourceTree = "<group>"; };
		FA45CBD11944E6F6003C15C8 /* AudioToolbox.framework */ = {isa = PBXFileReference; lastKnownFileType = wrapper.framework; name = AudioToolbox.framework; path = System/Library/Frameworks/AudioToolbox.framework; sourceTree = SDKROOT; };
		FA45CBD31944E6FE003C15C8 /* CFNetwork.framework */ = {isa = PBXFileReference; lastKnownFileType = wrapper.framework; name = CFNetwork.framework; path = System/Library/Frameworks/CFNetwork.framework; sourceTree = SDKROOT; };
		FA45CBD51944E712003C15C8 /* CoreLocation.framework */ = {isa = PBXFileReference; lastKnownFileType = wrapper.framework; name = CoreLocation.framework; path = System/Library/Frameworks/CoreLocation.framework; sourceTree = SDKROOT; };
		FA45CBD71944E71C003C15C8 /* libz.dylib */ = {isa = PBXFileReference; lastKnownFileType = "compiled.mach-o.dylib"; name = libz.dylib; path = usr/lib/libz.dylib; sourceTree = SDKROOT; };
		FA45CBD91944E725003C15C8 /* MobileCoreServices.framework */ = {isa = PBXFileReference; lastKnownFileType = wrapper.framework; name = MobileCoreServices.framework; path = System/Library/Frameworks/MobileCoreServices.framework; sourceTree = SDKROOT; };
		FA45CBDB1944E72D003C15C8 /* QuartzCore.framework */ = {isa = PBXFileReference; lastKnownFileType = wrapper.framework; name = QuartzCore.framework; path = System/Library/Frameworks/QuartzCore.framework; sourceTree = SDKROOT; };
		FA45CBDD1944E735003C15C8 /* Security.framework */ = {isa = PBXFileReference; lastKnownFileType = wrapper.framework; name = Security.framework; path = System/Library/Frameworks/Security.framework; sourceTree = SDKROOT; };
		FA45CBDF1944E73D003C15C8 /* StoreKit.framework */ = {isa = PBXFileReference; lastKnownFileType = wrapper.framework; name = StoreKit.framework; path = System/Library/Frameworks/StoreKit.framework; sourceTree = SDKROOT; };
		FA45CBE11944E748003C15C8 /* SystemConfiguration.framework */ = {isa = PBXFileReference; lastKnownFileType = wrapper.framework; name = SystemConfiguration.framework; path = System/Library/Frameworks/SystemConfiguration.framework; sourceTree = SDKROOT; };
/* End PBXFileReference section */

/* Begin PBXFrameworksBuildPhase section */
		FA45CB721943DA80003C15C8 /* Frameworks */ = {
			isa = PBXFrameworksBuildPhase;
			buildActionMask = 2147483647;
			files = (
				D3AC8B3019800F12001957A3 /* SDWebImage.framework in Frameworks */,
				FA45CBE21944E748003C15C8 /* SystemConfiguration.framework in Frameworks */,
				FA45CBE01944E73D003C15C8 /* StoreKit.framework in Frameworks */,
				FA45CBDE1944E735003C15C8 /* Security.framework in Frameworks */,
				FA45CBDC1944E72D003C15C8 /* QuartzCore.framework in Frameworks */,
				FA45CBDA1944E725003C15C8 /* MobileCoreServices.framework in Frameworks */,
				FA45CBD81944E71C003C15C8 /* libz.dylib in Frameworks */,
				FA45CBD61944E712003C15C8 /* CoreLocation.framework in Frameworks */,
				FA45CB7B1943DA80003C15C8 /* CoreGraphics.framework in Frameworks */,
				FA45CBD41944E6FE003C15C8 /* CFNetwork.framework in Frameworks */,
				FA45CBD21944E6F6003C15C8 /* AudioToolbox.framework in Frameworks */,
				FA45CBD01944E641003C15C8 /* Parse.framework in Frameworks */,
				FA45CB7D1943DA80003C15C8 /* UIKit.framework in Frameworks */,
				FA45CB791943DA80003C15C8 /* Foundation.framework in Frameworks */,
			);
			runOnlyForDeploymentPostprocessing = 0;
		};
/* End PBXFrameworksBuildPhase section */

/* Begin PBXGroup section */
		D3A7AB3919796D35000CA910 /* assets */ = {
			isa = PBXGroup;
			children = (
				D3A7AB3A19796D44000CA910 /* smiley.jpeg */,
			);
			name = assets;
			sourceTree = "<group>";
		};
		D3AC8B2E197EE865001957A3 /* ProgressIndicator */ = {
			isa = PBXGroup;
			children = (
				D3AC8B2B197EE85D001957A3 /* MBProgressHUD.h */,
				D3AC8B2C197EE85D001957A3 /* MBProgressHUD.m */,
			);
			name = ProgressIndicator;
			sourceTree = "<group>";
		};
		D3AC8B3119800F19001957A3 /* SDWebImage */ = {
			isa = PBXGroup;
			children = (
				D3AC8B3219800F30001957A3 /* UIImageView+UIActivityIndicatorForSDWebImage.h */,
				D3AC8B3319800F30001957A3 /* UIImageView+UIActivityIndicatorForSDWebImage.m */,
			);
			name = SDWebImage;
			sourceTree = "<group>";
		};
		FA45CB6C1943DA7F003C15C8 = {
			isa = PBXGroup;
			children = (
				FA45CB7E1943DA80003C15C8 /* dilemma */,
				FA45CBA01943DA80003C15C8 /* dilemmaTests */,
				FA45CB771943DA80003C15C8 /* Frameworks */,
				FA45CB761943DA80003C15C8 /* Products */,
			);
			sourceTree = "<group>";
		};
		FA45CB761943DA80003C15C8 /* Products */ = {
			isa = PBXGroup;
			children = (
				FA45CB751943DA80003C15C8 /* dilemma.app */,
			);
			name = Products;
			sourceTree = "<group>";
		};
		FA45CB771943DA80003C15C8 /* Frameworks */ = {
			isa = PBXGroup;
			children = (
				D3AC8B2F19800F12001957A3 /* SDWebImage.framework */,
				FA45CBE11944E748003C15C8 /* SystemConfiguration.framework */,
				FA45CBDF1944E73D003C15C8 /* StoreKit.framework */,
				FA45CBDD1944E735003C15C8 /* Security.framework */,
				FA45CBDB1944E72D003C15C8 /* QuartzCore.framework */,
				FA45CBD91944E725003C15C8 /* MobileCoreServices.framework */,
				FA45CBD71944E71C003C15C8 /* libz.dylib */,
				FA45CBD51944E712003C15C8 /* CoreLocation.framework */,
				FA45CBD31944E6FE003C15C8 /* CFNetwork.framework */,
				FA45CBD11944E6F6003C15C8 /* AudioToolbox.framework */,
				FA45CBCF1944E641003C15C8 /* Parse.framework */,
				FA45CB781943DA80003C15C8 /* Foundation.framework */,
				FA45CB7A1943DA80003C15C8 /* CoreGraphics.framework */,
				FA45CB7C1943DA80003C15C8 /* UIKit.framework */,
				FA45CB9A1943DA80003C15C8 /* XCTest.framework */,
			);
			name = Frameworks;
			sourceTree = "<group>";
		};
		FA45CB7E1943DA80003C15C8 /* dilemma */ = {
			isa = PBXGroup;
			children = (
				D3AC8B3119800F19001957A3 /* SDWebImage */,
				D3AC8B2E197EE865001957A3 /* ProgressIndicator */,
				D3A7AB3919796D35000CA910 /* assets */,
				FA45CB871943DA80003C15C8 /* dilemmaAppDelegate.h */,
				FA45CB881943DA80003C15C8 /* dilemmaAppDelegate.m */,
				FA45CB8A1943DA80003C15C8 /* Main_iPhone.storyboard */,
				FA45CBB51943E380003C15C8 /* SetPicturesViewController.h */,
				FA45CBB61943E380003C15C8 /* SetPicturesViewController.m */,
				FA45CBB81944C6AA003C15C8 /* SetPicsOverlay.xib */,
				FA45CBB01943DD3A003C15C8 /* VotePicturesViewController.h */,
				FA45CBB11943DD3A003C15C8 /* VotePicturesViewController.m */,
				FA45CB8D1943DA80003C15C8 /* Main_iPad.storyboard */,
				FA45CB901943DA80003C15C8 /* dilemmaViewController.h */,
				FA45CB911943DA80003C15C8 /* dilemmaViewController.m */,
				FA45CB931943DA80003C15C8 /* Images.xcassets */,
				FA45CB7F1943DA80003C15C8 /* Supporting Files */,
			);
			path = dilemma;
			sourceTree = "<group>";
		};
		FA45CB7F1943DA80003C15C8 /* Supporting Files */ = {
			isa = PBXGroup;
			children = (
				FA45CB801943DA80003C15C8 /* dilemma-Info.plist */,
				FA45CB811943DA80003C15C8 /* InfoPlist.strings */,
				FA45CB841943DA80003C15C8 /* main.m */,
				FA45CB861943DA80003C15C8 /* dilemma-Prefix.pch */,
			);
			name = "Supporting Files";
			sourceTree = "<group>";
		};
		FA45CBA01943DA80003C15C8 /* dilemmaTests */ = {
			isa = PBXGroup;
			children = (
				FA45CBA61943DA80003C15C8 /* dilemmaTests.m */,
				FA45CBA11943DA80003C15C8 /* Supporting Files */,
			);
			path = dilemmaTests;
			sourceTree = "<group>";
		};
		FA45CBA11943DA80003C15C8 /* Supporting Files */ = {
			isa = PBXGroup;
			children = (
				FA45CBA21943DA80003C15C8 /* dilemmaTests-Info.plist */,
				FA45CBA31943DA80003C15C8 /* InfoPlist.strings */,
			);
			name = "Supporting Files";
			sourceTree = "<group>";
		};
/* End PBXGroup section */

/* Begin PBXNativeTarget section */
		FA45CB741943DA80003C15C8 /* dilemma */ = {
			isa = PBXNativeTarget;
			buildConfigurationList = FA45CBAA1943DA80003C15C8 /* Build configuration list for PBXNativeTarget "dilemma" */;
			buildPhases = (
				FA45CB711943DA80003C15C8 /* Sources */,
				FA45CB721943DA80003C15C8 /* Frameworks */,
				FA45CB731943DA80003C15C8 /* Resources */,
			);
			buildRules = (
			);
			dependencies = (
			);
			name = dilemma;
			productName = dilemma;
			productReference = FA45CB751943DA80003C15C8 /* dilemma.app */;
			productType = "com.apple.product-type.application";
		};
/* End PBXNativeTarget section */

/* Begin PBXProject section */
		FA45CB6D1943DA7F003C15C8 /* Project object */ = {
			isa = PBXProject;
			attributes = {
				CLASSPREFIX = dilemma;
				LastUpgradeCheck = 0510;
				ORGANIZATIONNAME = Bricorp;
				TargetAttributes = {
					FA45CB741943DA80003C15C8 = {
						DevelopmentTeam = U536PJZFA3;
					};
				};
			};
			buildConfigurationList = FA45CB701943DA7F003C15C8 /* Build configuration list for PBXProject "dilemma" */;
			compatibilityVersion = "Xcode 3.2";
			developmentRegion = English;
			hasScannedForEncodings = 0;
			knownRegions = (
				en,
				Base,
			);
			mainGroup = FA45CB6C1943DA7F003C15C8;
			productRefGroup = FA45CB761943DA80003C15C8 /* Products */;
			projectDirPath = "";
			projectRoot = "";
			targets = (
				FA45CB741943DA80003C15C8 /* dilemma */,
			);
		};
/* End PBXProject section */

/* Begin PBXResourcesBuildPhase section */
		FA45CB731943DA80003C15C8 /* Resources */ = {
			isa = PBXResourcesBuildPhase;
			buildActionMask = 2147483647;
			files = (
				FA45CB8F1943DA80003C15C8 /* Main_iPad.storyboard in Resources */,
				FA45CBB91944C6AA003C15C8 /* SetPicsOverlay.xib in Resources */,
				D3A7AB3B19796D44000CA910 /* smiley.jpeg in Resources */,
				FA45CB941943DA80003C15C8 /* Images.xcassets in Resources */,
				FA45CB8C1943DA80003C15C8 /* Main_iPhone.storyboard in Resources */,
				FA45CB831943DA80003C15C8 /* InfoPlist.strings in Resources */,
			);
			runOnlyForDeploymentPostprocessing = 0;
		};
/* End PBXResourcesBuildPhase section */

/* Begin PBXSourcesBuildPhase section */
		FA45CB711943DA80003C15C8 /* Sources */ = {
			isa = PBXSourcesBuildPhase;
			buildActionMask = 2147483647;
			files = (
				FA45CB921943DA80003C15C8 /* dilemmaViewController.m in Sources */,
				D3AC8B2D197EE85D001957A3 /* MBProgressHUD.m in Sources */,
				FA45CB891943DA80003C15C8 /* dilemmaAppDelegate.m in Sources */,
				FA45CBB71943E380003C15C8 /* SetPicturesViewController.m in Sources */,
				FA45CB851943DA80003C15C8 /* main.m in Sources */,
				FA45CBB21943DD3A003C15C8 /* VotePicturesViewController.m in Sources */,
				D3AC8B3419800F30001957A3 /* UIImageView+UIActivityIndicatorForSDWebImage.m in Sources */,
			);
			runOnlyForDeploymentPostprocessing = 0;
		};
/* End PBXSourcesBuildPhase section */

/* Begin PBXVariantGroup section */
		FA45CB811943DA80003C15C8 /* InfoPlist.strings */ = {
			isa = PBXVariantGroup;
			children = (
				FA45CB821943DA80003C15C8 /* en */,
			);
			name = InfoPlist.strings;
			sourceTree = "<group>";
		};
		FA45CB8A1943DA80003C15C8 /* Main_iPhone.storyboard */ = {
			isa = PBXVariantGroup;
			children = (
				FA45CB8B1943DA80003C15C8 /* Base */,
			);
			name = Main_iPhone.storyboard;
			sourceTree = "<group>";
		};
		FA45CB8D1943DA80003C15C8 /* Main_iPad.storyboard */ = {
			isa = PBXVariantGroup;
			children = (
				FA45CB8E1943DA80003C15C8 /* Base */,
			);
			name = Main_iPad.storyboard;
			sourceTree = "<group>";
		};
		FA45CBA31943DA80003C15C8 /* InfoPlist.strings */ = {
			isa = PBXVariantGroup;
			children = (
				FA45CBA41943DA80003C15C8 /* en */,
			);
			name = InfoPlist.strings;
			sourceTree = "<group>";
		};
/* End PBXVariantGroup section */

/* Begin XCBuildConfiguration section */
		FA45CBA81943DA80003C15C8 /* Debug */ = {
			isa = XCBuildConfiguration;
			buildSettings = {
				ALWAYS_SEARCH_USER_PATHS = NO;
				CLANG_CXX_LANGUAGE_STANDARD = "gnu++0x";
				CLANG_CXX_LIBRARY = "libc++";
				CLANG_ENABLE_MODULES = YES;
				CLANG_ENABLE_OBJC_ARC = YES;
				CLANG_WARN_BOOL_CONVERSION = YES;
				CLANG_WARN_CONSTANT_CONVERSION = YES;
				CLANG_WARN_DIRECT_OBJC_ISA_USAGE = YES_ERROR;
				CLANG_WARN_EMPTY_BODY = YES;
				CLANG_WARN_ENUM_CONVERSION = YES;
				CLANG_WARN_INT_CONVERSION = YES;
				CLANG_WARN_OBJC_ROOT_CLASS = YES_ERROR;
				CLANG_WARN__DUPLICATE_METHOD_MATCH = YES;
				"CODE_SIGN_IDENTITY[sdk=iphoneos*]" = "iPhone Developer";
				COPY_PHASE_STRIP = NO;
				GCC_C_LANGUAGE_STANDARD = gnu99;
				GCC_DYNAMIC_NO_PIC = NO;
				GCC_OPTIMIZATION_LEVEL = 0;
				GCC_PREPROCESSOR_DEFINITIONS = (
					"DEBUG=1",
					"$(inherited)",
				);
				GCC_SYMBOLS_PRIVATE_EXTERN = NO;
				GCC_WARN_64_TO_32_BIT_CONVERSION = YES;
				GCC_WARN_ABOUT_RETURN_TYPE = YES_ERROR;
				GCC_WARN_UNDECLARED_SELECTOR = YES;
				GCC_WARN_UNINITIALIZED_AUTOS = YES_AGGRESSIVE;
				GCC_WARN_UNUSED_FUNCTION = YES;
				GCC_WARN_UNUSED_VARIABLE = YES;
				IPHONEOS_DEPLOYMENT_TARGET = 7.1;
				ONLY_ACTIVE_ARCH = YES;
				SDKROOT = iphoneos;
				TARGETED_DEVICE_FAMILY = "1,2";
			};
			name = Debug;
		};
		FA45CBA91943DA80003C15C8 /* Release */ = {
			isa = XCBuildConfiguration;
			buildSettings = {
				ALWAYS_SEARCH_USER_PATHS = NO;
				CLANG_CXX_LANGUAGE_STANDARD = "gnu++0x";
				CLANG_CXX_LIBRARY = "libc++";
				CLANG_ENABLE_MODULES = YES;
				CLANG_ENABLE_OBJC_ARC = YES;
				CLANG_WARN_BOOL_CONVERSION = YES;
				CLANG_WARN_CONSTANT_CONVERSION = YES;
				CLANG_WARN_DIRECT_OBJC_ISA_USAGE = YES_ERROR;
				CLANG_WARN_EMPTY_BODY = YES;
				CLANG_WARN_ENUM_CONVERSION = YES;
				CLANG_WARN_INT_CONVERSION = YES;
				CLANG_WARN_OBJC_ROOT_CLASS = YES_ERROR;
				CLANG_WARN__DUPLICATE_METHOD_MATCH = YES;
				"CODE_SIGN_IDENTITY[sdk=iphoneos*]" = "iPhone Developer";
				COPY_PHASE_STRIP = YES;
				ENABLE_NS_ASSERTIONS = NO;
				GCC_C_LANGUAGE_STANDARD = gnu99;
				GCC_WARN_64_TO_32_BIT_CONVERSION = YES;
				GCC_WARN_ABOUT_RETURN_TYPE = YES_ERROR;
				GCC_WARN_UNDECLARED_SELECTOR = YES;
				GCC_WARN_UNINITIALIZED_AUTOS = YES_AGGRESSIVE;
				GCC_WARN_UNUSED_FUNCTION = YES;
				GCC_WARN_UNUSED_VARIABLE = YES;
				IPHONEOS_DEPLOYMENT_TARGET = 7.1;
				SDKROOT = iphoneos;
				TARGETED_DEVICE_FAMILY = "1,2";
				VALIDATE_PRODUCT = YES;
			};
			name = Release;
		};
		FA45CBAB1943DA80003C15C8 /* Debug */ = {
			isa = XCBuildConfiguration;
			buildSettings = {
				ASSETCATALOG_COMPILER_APPICON_NAME = AppIcon;
				ASSETCATALOG_COMPILER_LAUNCHIMAGE_NAME = LaunchImage;
				CODE_SIGN_IDENTITY = "iPhone Developer";
				"CODE_SIGN_IDENTITY[sdk=iphoneos*]" = "iPhone Developer";
				FRAMEWORK_SEARCH_PATHS = (
					"$(inherited)",
					"$(PROJECT_DIR)/dilemma",
					"/Users/brian/Downloads/PSIndyProject-master",
					"/Users/brian/Downloads/PSIndyProject-master/petGallery/Pinterest.embeddedframework",
				);
				GCC_PRECOMPILE_PREFIX_HEADER = YES;
				GCC_PREFIX_HEADER = "dilemma/dilemma-Prefix.pch";
				INFOPLIST_FILE = "dilemma/dilemma-Info.plist";
				IPHONEOS_DEPLOYMENT_TARGET = 7.0;
				PRODUCT_NAME = "$(TARGET_NAME)";
				PROVISIONING_PROFILE = "43B9A007-EB1B-44B8-8FA4-FC27863C0978";
				WRAPPER_EXTENSION = app;
			};
			name = Debug;
		};
		FA45CBAC1943DA80003C15C8 /* Release */ = {
			isa = XCBuildConfiguration;
			buildSettings = {
				ASSETCATALOG_COMPILER_APPICON_NAME = AppIcon;
				ASSETCATALOG_COMPILER_LAUNCHIMAGE_NAME = LaunchImage;
				CODE_SIGN_IDENTITY = "iPhone Developer";
				"CODE_SIGN_IDENTITY[sdk=iphoneos*]" = "iPhone Developer";
				FRAMEWORK_SEARCH_PATHS = (
					"$(inherited)",
					"$(PROJECT_DIR)/dilemma",
					"/Users/brian/Downloads/PSIndyProject-master",
					"/Users/brian/Downloads/PSIndyProject-master/petGallery/Pinterest.embeddedframework",
				);
				GCC_PRECOMPILE_PREFIX_HEADER = YES;
				GCC_PREFIX_HEADER = "dilemma/dilemma-Prefix.pch";
				INFOPLIST_FILE = "dilemma/dilemma-Info.plist";
				IPHONEOS_DEPLOYMENT_TARGET = 7.0;
				PRODUCT_NAME = "$(TARGET_NAME)";
				PROVISIONING_PROFILE = "43B9A007-EB1B-44B8-8FA4-FC27863C0978";
				WRAPPER_EXTENSION = app;
			};
			name = Release;
		};
/* End XCBuildConfiguration section */

/* Begin XCConfigurationList section */
		FA45CB701943DA7F003C15C8 /* Build configuration list for PBXProject "dilemma" */ = {
			isa = XCConfigurationList;
			buildConfigurations = (
				FA45CBA81943DA80003C15C8 /* Debug */,
				FA45CBA91943DA80003C15C8 /* Release */,
			);
			defaultConfigurationIsVisible = 0;
			defaultConfigurationName = Release;
		};
		FA45CBAA1943DA80003C15C8 /* Build configuration list for PBXNativeTarget "dilemma" */ = {
			isa = XCConfigurationList;
			buildConfigurations = (
				FA45CBAB1943DA80003C15C8 /* Debug */,
				FA45CBAC1943DA80003C15C8 /* Release */,
			);
			defaultConfigurationIsVisible = 0;
			defaultConfigurationName = Release;
		};
/* End XCConfigurationList section */
	};
	rootObject = FA45CB6D1943DA7F003C15C8 /* Project object */;
}
